<?xml version="1.0"?>
<CONFIG>
  <ProjectOptions>
    <PathDelim Value="\"/>
    <Version Value="5"/>
    <General>
      <MainUnit Value="0"/>
      <IconPath Value="./"/>
      <TargetFileExt Value=".exe"/>
      <ActiveEditorIndexAtStart Value="0"/>
    </General>
    <LazDoc Paths="C:\Lazarus Project\jcl\source;C:\Lazarus Project\jcl\source\common"/>
    <VersionInfo>
      <ProjectVersion Value=""/>
    </VersionInfo>
    <PublishOptions>
      <Version Value="2"/>
      <IgnoreBinaries Value="False"/>
      <IncludeFileFilter Value="*.(pas|pp|inc|lfm|lpr|lrs|lpi|lpk|sh|xml)"/>
      <ExcludeFileFilter Value="*.(bak|ppu|ppw|o|so);*~;backup"/>
    </PublishOptions>
    <RunParams>
      <local>
        <FormatVersion Value="1"/>
        <LaunchingApplication PathPlusParams="/usr/X11R6/bin/xterm -T 'Lazarus Run Output' -e $(LazarusDir)/tools/runwait.sh $(TargetCmdLine)"/>
      </local>
    </RunParams>
    <Units Count="11">
      <Unit0>
        <Filename Value="GUDF.lpr"/>
        <IsPartOfProject Value="True"/>
        <UnitName Value="GUDF"/>
        <CursorPos X="32" Y="9"/>
        <TopLine Value="1"/>
        <EditorIndex Value="0"/>
        <UsageCount Value="20"/>
        <Loaded Value="True"/>
      </Unit0>
      <Unit1>
        <Filename Value="gudflib.pas"/>
        <IsPartOfProject Value="True"/>
        <UnitName Value="GUDFlib"/>
        <CursorPos X="37" Y="814"/>
        <TopLine Value="807"/>
        <EditorIndex Value="1"/>
        <UsageCount Value="20"/>
        <Loaded Value="True"/>
      </Unit1>
      <Unit2>
        <Filename Value="JclStrings.pas"/>
        <UnitName Value="JclStrings"/>
        <CursorPos X="58" Y="2626"/>
        <TopLine Value="2600"/>
        <UsageCount Value="10"/>
      </Unit2>
      <Unit3>
        <Filename Value="jcl.inc"/>
        <CursorPos X="8" Y="147"/>
        <TopLine Value="126"/>
        <UsageCount Value="10"/>
      </Unit3>
      <Unit4>
        <Filename Value="JclWideStrings.pas"/>
        <UnitName Value="JclWideStrings"/>
        <CursorPos X="1" Y="1"/>
        <TopLine Value="1"/>
        <UsageCount Value="10"/>
      </Unit4>
      <Unit5>
        <Filename Value="JclBase.pas"/>
        <UnitName Value="JclBase"/>
        <CursorPos X="1" Y="1"/>
        <TopLine Value="1"/>
        <UsageCount Value="10"/>
      </Unit5>
      <Unit6>
        <Filename Value="JclResources.pas"/>
        <UnitName Value="JclResources"/>
        <CursorPos X="1" Y="1"/>
        <TopLine Value="1"/>
        <UsageCount Value="10"/>
      </Unit6>
      <Unit7>
        <Filename Value="JclSysUtils.pas"/>
        <UnitName Value="JclSysUtils"/>
        <CursorPos X="16" Y="2130"/>
        <TopLine Value="2109"/>
        <UsageCount Value="10"/>
      </Unit7>
      <Unit8>
        <Filename Value="JclConsole.pas"/>
        <UnitName Value="JclConsole"/>
        <CursorPos X="1" Y="1"/>
        <TopLine Value="1"/>
        <UsageCount Value="10"/>
      </Unit8>
      <Unit9>
        <Filename Value="JclFileUtils.pas"/>
        <UnitName Value="JclFileUtils"/>
        <CursorPos X="4" Y="2361"/>
        <TopLine Value="2340"/>
        <UsageCount Value="10"/>
      </Unit9>
      <Unit10>
        <Filename Value="JclSysInfo.pas"/>
        <UnitName Value="JclSysInfo"/>
        <CursorPos X="35" Y="2803"/>
        <TopLine Value="2767"/>
        <UsageCount Value="10"/>
      </Unit10>
    </Units>
    <JumpHistory Count="2" HistoryIndex="1">
      <Position1>
        <Filename Value="gudflib.pas"/>
        <Caret Line="7" Column="22" TopLine="1"/>
      </Position1>
      <Position2>
        <Filename Value="GUDF.lpr"/>
        <Caret Line="9" Column="24" TopLine="1"/>
      </Position2>
    </JumpHistory>
  </ProjectOptions>
  <CompilerOptions>
    <Version Value="5"/>
    <PathDelim Value="\"/>
    <SearchPaths>
      <SrcPath Value="jcl\source\;jcl\source\common\"/>
    </SearchPaths>
    <CodeGeneration>
      <Generate Value="Faster"/>
    </CodeGeneration>
    <Linking>
      <Options>
        <ExecutableType Value="Library"/>
      </Options>
    </Linking>
    <Other>
      <CompilerPath Value="$(CompPath)"/>
    </Other>
  </CompilerOptions>
  <Debugging>
    <Exceptions Count="2">
      <Item1>
        <Name Value="ECodetoolError"/>
      </Item1>
      <Item2>
        <Name Value="EFOpenError"/>
      </Item2>
    </Exceptions>
  </Debugging>
</CONFIG>
