	<Project xmlns="http://schemas.microsoft.com/developer/msbuild/2003">
		<PropertyGroup>
			<ProjectGuid>{21CD52BD-8983-4D90-9163-1E2EFB997DB3}</ProjectGuid>
			<MainSource>bsfd2011.dpk</MainSource>
			<ProjectVersion>12.0</ProjectVersion>
			<Config Condition="'$(Config)'==''">Debug</Config>
			<DCC_DCCCompiler>DCC32</DCC_DCCCompiler>
		</PropertyGroup>
		<PropertyGroup Condition="'$(Config)'=='Base' or '$(Base)'!=''">
			<Base>true</Base>
		</PropertyGroup>
		<PropertyGroup Condition="'$(Config)'=='Release' or '$(Cfg_1)'!=''">
			<Cfg_1>true</Cfg_1>
			<CfgParent>Base</CfgParent>
			<Base>true</Base>
		</PropertyGroup>
		<PropertyGroup Condition="'$(Config)'=='Debug' or '$(Cfg_2)'!=''">
			<Cfg_2>true</Cfg_2>
			<CfgParent>Base</CfgParent>
			<Base>true</Base>
		</PropertyGroup>
		<PropertyGroup Condition="'$(Base)'!=''">
			<DCC_ImageBase>00400000</DCC_ImageBase>
			<DCC_SymbolReferenceInfo>0</DCC_SymbolReferenceInfo>
			<GenPackage>true</GenPackage>
			<DCC_UnitAlias>WinTypes=Windows;WinProcs=Windows;DbiTypes=BDE;DbiProcs=BDE;DbiErrs=BDE;$(DCC_UnitAlias)</DCC_UnitAlias>
			<DCC_Platform>x86</DCC_Platform>
			<DCC_DependencyCheckOutputName>C:\Users\Public\Documents\RAD Studio\7.0\Bpl\bsfd2011.bpl</DCC_DependencyCheckOutputName>
			<DCC_N>false</DCC_N>
			<DCC_S>false</DCC_S>
			<GenDll>true</GenDll>
			<DCC_E>false</DCC_E>
			<DCC_F>false</DCC_F>
			<DCC_K>false</DCC_K>
		</PropertyGroup>
		<PropertyGroup Condition="'$(Cfg_1)'!=''">
			<DCC_LocalDebugSymbols>false</DCC_LocalDebugSymbols>
			<DCC_Define>RELEASE;$(DCC_Define)</DCC_Define>
			<DCC_SymbolReferenceInfo>0</DCC_SymbolReferenceInfo>
			<DCC_DebugInformation>false</DCC_DebugInformation>
		</PropertyGroup>
		<PropertyGroup Condition="'$(Cfg_2)'!=''">
			<DCC_Define>DEBUG;$(DCC_Define)</DCC_Define>
		</PropertyGroup>
		<ItemGroup>
			<DelphiCompile Include="bsfd2011.dpk">
				<MainSource>MainSource</MainSource>
			</DelphiCompile>
			<DCCReference Include="bsReg.dcr"/>
			<DCCReference Include="rtl.dcp"/>
			<DCCReference Include="vcl.dcp"/>
			<DCCReference Include="vclimg.dcp"/>
			<DCCReference Include="designide.dcp"/>
			<DCCReference Include="xmlrtl.dcp"/>
			<DCCReference Include="vclactnband.dcp"/>
			<DCCReference Include="vclx.dcp"/>
			<DCCReference Include="dbrtl.dcp"/>
			<DCCReference Include="vcldb.dcp"/>
			<DCCReference Include="NBPagesEditor.pas">
				<Form>NBPagesForm</Form>
			</DCCReference>
			<DCCReference Include="bsButtonGroup.pas"/>
			<DCCReference Include="bscalc.pas"/>
			<DCCReference Include="bscalendar.pas"/>
			<DCCReference Include="bscategorybuttons.pas"/>
			<DCCReference Include="bsColorCtrls.pas"/>
			<DCCReference Include="bsconst.pas"/>
			<DCCReference Include="bsdbctrls.pas"/>
			<DCCReference Include="bsdbgrids.pas"/>
			<DCCReference Include="bsDialogs.pas"/>
			<DCCReference Include="bsEffects.pas"/>
			<DCCReference Include="bsfilectrl.pas"/>
			<DCCReference Include="bsMessages.pas"/>
			<DCCReference Include="bspngimage.pas"/>
			<DCCReference Include="bsPngImageEditor.pas">
				<Form>bsPNGEditorForm</Form>
			</DCCReference>
			<DCCReference Include="bspngimagelist.pas"/>
			<DCCReference Include="bsReg.pas"/>
			<DCCReference Include="bsRootEdit.pas">
				<Form>bsRootPathEditDlg</Form>
			</DCCReference>
			<DCCReference Include="bsSkinBoxCtrls.pas"/>
			<DCCReference Include="bsSkinCtrls.pas"/>
			<DCCReference Include="bsSkinData.pas"/>
			<DCCReference Include="bsSkinExCtrls.pas"/>
			<DCCReference Include="bsSkinGrids.pas"/>
			<DCCReference Include="bsSkinHint.pas"/>
			<DCCReference Include="bsSkinMenus.pas"/>
			<DCCReference Include="bsSkinPrinter.pas"/>
			<DCCReference Include="bsSkinShellCtrls.pas"/>
			<DCCReference Include="bsSkinTabs.pas"/>
			<DCCReference Include="bsSkinUnZip.pas"/>
			<DCCReference Include="bsSkinZip.pas"/>
			<DCCReference Include="bsTrayIcon.pas"/>
			<DCCReference Include="bsUtils.pas"/>
			<DCCReference Include="bszlib.pas"/>
			<DCCReference Include="bszlibcompress.pas"/>
			<DCCReference Include="BusinessSkinForm.pas"/>
			<DCCReference Include="bsribbon.pas"/>
			<BuildConfiguration Include="Base">
				<Key>Base</Key>
			</BuildConfiguration>
			<BuildConfiguration Include="Debug">
				<Key>Cfg_2</Key>
				<CfgParent>Base</CfgParent>
			</BuildConfiguration>
			<BuildConfiguration Include="Release">
				<Key>Cfg_1</Key>
				<CfgParent>Base</CfgParent>
			</BuildConfiguration>
		</ItemGroup>
		<Import Project="$(BDS)\Bin\CodeGear.Delphi.Targets" Condition="Exists('$(BDS)\Bin\CodeGear.Delphi.Targets')"/>
		<ProjectExtensions>
			<Borland.Personality>Delphi.Personality.12</Borland.Personality>
			<Borland.ProjectType>Package</Borland.ProjectType>
			<BorlandProject>
				<Delphi.Personality>
					<Source>
						<Source Name="MainSource">bsfd2011.dpk</Source>
					</Source>
					<Parameters>
						<Parameters Name="UseLauncher">False</Parameters>
						<Parameters Name="LoadAllSymbols">True</Parameters>
						<Parameters Name="LoadUnspecifiedSymbols">False</Parameters>
					</Parameters>
					<VersionInfo>
						<VersionInfo Name="IncludeVerInfo">True</VersionInfo>
						<VersionInfo Name="AutoIncBuild">False</VersionInfo>
						<VersionInfo Name="MajorVer">1</VersionInfo>
						<VersionInfo Name="MinorVer">0</VersionInfo>
						<VersionInfo Name="Release">0</VersionInfo>
						<VersionInfo Name="Build">0</VersionInfo>
						<VersionInfo Name="Debug">False</VersionInfo>
						<VersionInfo Name="PreRelease">False</VersionInfo>
						<VersionInfo Name="Special">False</VersionInfo>
						<VersionInfo Name="Private">False</VersionInfo>
						<VersionInfo Name="DLL">False</VersionInfo>
						<VersionInfo Name="Locale">1049</VersionInfo>
						<VersionInfo Name="CodePage">1251</VersionInfo>
					</VersionInfo>
					<VersionInfoKeys>
						<VersionInfoKeys Name="CompanyName"/>
						<VersionInfoKeys Name="FileDescription"/>
						<VersionInfoKeys Name="FileVersion">1.0.0.0</VersionInfoKeys>
						<VersionInfoKeys Name="InternalName"/>
						<VersionInfoKeys Name="LegalCopyright"/>
						<VersionInfoKeys Name="LegalTrademarks"/>
						<VersionInfoKeys Name="OriginalFilename"/>
						<VersionInfoKeys Name="ProductName"/>
						<VersionInfoKeys Name="ProductVersion">1.0.0.0</VersionInfoKeys>
						<VersionInfoKeys Name="Comments"/>
					</VersionInfoKeys>
				</Delphi.Personality>
			</BorlandProject>
			<ProjectFileVersion>12</ProjectFileVersion>
		</ProjectExtensions>
	</Project>
