<?xml version="1.0"?>
<CONFIG>
  <ProjectOptions>
    <Version Value="9"/>
    <PathDelim Value="\"/>
    <General>
      <MainUnit Value="0"/>
      <ResourceType Value="res"/>
      <UseXPManifest Value="True"/>
      <ActiveWindowIndexAtStart Value="0"/>
    </General>
    <i18n>
      <EnableI18N LFM="False"/>
    </i18n>
    <VersionInfo>
      <StringTable ProductVersion=""/>
    </VersionInfo>
    <MacroValues Count="1">
      <Macro1 Name="LCLWidgetType" Value="wince"/>
    </MacroValues>
    <BuildModes Count="1" Active="Default">
      <Item1 Name="Default" Default="True"/>
    </BuildModes>
    <PublishOptions>
      <Version Value="2"/>
      <IncludeFileFilter Value="*.(pas|pp|inc|lfm|lpr|lrs|lpi|lpk|sh|xml)"/>
      <ExcludeFileFilter Value="*.(bak|ppu|o|so);*~;backup"/>
    </PublishOptions>
    <RunParams>
      <local>
        <FormatVersion Value="1"/>
      </local>
    </RunParams>
    <RequiredPackages Count="2">
      <Item1>
        <PackageName Value="wcmemo"/>
        <MinVersion Valid="True"/>
      </Item1>
      <Item2>
        <PackageName Value="LCL"/>
      </Item2>
    </RequiredPackages>
    <Units Count="110">
      <Unit0>
        <Filename Value="terminal.lpr"/>
        <IsPartOfProject Value="True"/>
        <UnitName Value="terminal"/>
        <EditorIndex Value="24"/>
        <WindowIndex Value="0"/>
        <TopLine Value="1"/>
        <CursorPos X="44" Y="10"/>
        <UsageCount Value="203"/>
        <Loaded Value="True"/>
      </Unit0>
      <Unit1>
        <Filename Value="mainform.pas"/>
        <IsPartOfProject Value="True"/>
        <ComponentName Value="MainForm"/>
        <HasResources Value="True"/>
        <ResourceBaseClass Value="Form"/>
        <UnitName Value="mainform"/>
        <EditorIndex Value="6"/>
        <WindowIndex Value="0"/>
        <TopLine Value="156"/>
        <CursorPos X="35" Y="175"/>
        <UsageCount Value="203"/>
        <Loaded Value="True"/>
        <LoadedDesigner Value="True"/>
      </Unit1>
      <Unit2>
        <Filename Value="loginform.pas"/>
        <IsPartOfProject Value="True"/>
        <ComponentName Value="LoginForm"/>
        <HasResources Value="True"/>
        <ResourceBaseClass Value="Form"/>
        <UnitName Value="LoginForm"/>
        <EditorIndex Value="25"/>
        <WindowIndex Value="0"/>
        <TopLine Value="1"/>
        <CursorPos X="43" Y="55"/>
        <UsageCount Value="203"/>
        <Loaded Value="True"/>
        <LoadedDesigner Value="True"/>
      </Unit2>
      <Unit3>
        <Filename Value="C:\lazarus\lcl\include\control.inc"/>
        <WindowIndex Value="0"/>
        <TopLine Value="3355"/>
        <CursorPos X="49" Y="3360"/>
        <UsageCount Value="30"/>
      </Unit3>
      <Unit4>
        <Filename Value="C:\lazarus\lcl\controls.pp"/>
        <UnitName Value="Controls"/>
        <EditorIndex Value="13"/>
        <WindowIndex Value="0"/>
        <TopLine Value="2105"/>
        <CursorPos X="15" Y="2115"/>
        <UsageCount Value="100"/>
        <Loaded Value="True"/>
      </Unit4>
      <Unit5>
        <Filename Value="C:\Documents and Settings\Evgeny\Мои документы\WinCE\test_form\test_form.pas"/>
        <UnitName Value="test_form"/>
        <WindowIndex Value="0"/>
        <TopLine Value="115"/>
        <CursorPos X="5" Y="152"/>
        <UsageCount Value="30"/>
      </Unit5>
      <Unit6>
        <Filename Value="C:\lazarus\fpc\2.4.2\source\rtl\win\wininc\messages.inc"/>
        <WindowIndex Value="0"/>
        <TopLine Value="1035"/>
        <CursorPos X="59" Y="1036"/>
        <UsageCount Value="30"/>
      </Unit6>
      <Unit7>
        <Filename Value="C:\lazarus\components\jcf2\Utils\JcfStringUtils.pas"/>
        <UnitName Value="JcfStringUtils"/>
        <WindowIndex Value="0"/>
        <TopLine Value="159"/>
        <CursorPos X="3" Y="169"/>
        <UsageCount Value="93"/>
      </Unit7>
      <Unit8>
        <Filename Value="C:\lazarus\fpc\2.4.2\source\rtl\objpas\sysutils\sysutilh.inc"/>
        <WindowIndex Value="0"/>
        <TopLine Value="151"/>
        <CursorPos X="31" Y="176"/>
        <UsageCount Value="28"/>
      </Unit8>
      <Unit9>
        <Filename Value="C:\lazarus\fpc\2.4.2\source\rtl\inc\systemh.inc"/>
        <WindowIndex Value="0"/>
        <TopLine Value="335"/>
        <CursorPos X="3" Y="355"/>
        <UsageCount Value="28"/>
      </Unit9>
      <Unit10>
        <Filename Value="C:\lazarus\lcl\forms.pp"/>
        <UnitName Value="Forms"/>
        <WindowIndex Value="0"/>
        <TopLine Value="746"/>
        <CursorPos X="42" Y="757"/>
        <UsageCount Value="98"/>
      </Unit10>
      <Unit11>
        <Filename Value="C:\lazarus\fpc\2.4.2\source\rtl\win\wininc\defines.inc"/>
        <WindowIndex Value="0"/>
        <TopLine Value="3584"/>
        <CursorPos X="6" Y="3622"/>
        <UsageCount Value="28"/>
      </Unit11>
      <Unit12>
        <Filename Value="C:\lazarus\fpc\2.4.2\source\rtl\objpas\objpas.pp"/>
        <UnitName Value="objpas"/>
        <WindowIndex Value="0"/>
        <TopLine Value="1"/>
        <CursorPos X="22" Y="14"/>
        <UsageCount Value="24"/>
      </Unit12>
      <Unit13>
        <Filename Value="C:\lazarus\fpc\2.4.2\source\rtl\objpas\sysutils\finah.inc"/>
        <WindowIndex Value="0"/>
        <TopLine Value="1"/>
        <CursorPos X="10" Y="24"/>
        <UsageCount Value="24"/>
      </Unit13>
      <Unit14>
        <Filename Value="C:\lazarus\lcl\stdctrls.pp"/>
        <UnitName Value="StdCtrls"/>
        <WindowIndex Value="0"/>
        <TopLine Value="666"/>
        <CursorPos X="15" Y="734"/>
        <UsageCount Value="79"/>
      </Unit14>
      <Unit15>
        <Filename Value="C:\lazarus\fpc\2.4.2\source\rtl\wince\wininc\messages.inc"/>
        <WindowIndex Value="0"/>
        <TopLine Value="1"/>
        <CursorPos X="56" Y="34"/>
        <UsageCount Value="23"/>
      </Unit15>
      <Unit16>
        <Filename Value="operation.pas"/>
        <IsPartOfProject Value="True"/>
        <ComponentName Value="OperationTP"/>
        <HasResources Value="True"/>
        <ResourceBaseClass Value="Form"/>
        <UnitName Value="Operation"/>
        <EditorIndex Value="9"/>
        <WindowIndex Value="0"/>
        <TopLine Value="111"/>
        <CursorPos X="37" Y="78"/>
        <UsageCount Value="202"/>
        <Loaded Value="True"/>
        <LoadedDesigner Value="True"/>
      </Unit16>
      <Unit17>
        <Filename Value="C:\lazarus\fpc\2.4.2\source\rtl\objpas\classes\classesh.inc"/>
        <WindowIndex Value="0"/>
        <TopLine Value="1758"/>
        <CursorPos X="20" Y="1791"/>
        <UsageCount Value="21"/>
      </Unit17>
      <Unit18>
        <Filename Value="C:\lazarus\fpc\2.4.2\source\rtl\objpas\sysutils\sysstrh.inc"/>
        <WindowIndex Value="0"/>
        <TopLine Value="13"/>
        <CursorPos X="28" Y="33"/>
        <UsageCount Value="18"/>
      </Unit18>
      <Unit19>
        <Filename Value="C:\lazarus\fpc\2.4.2\source\rtl\objpas\sysutils\datih.inc"/>
        <WindowIndex Value="0"/>
        <TopLine Value="140"/>
        <CursorPos X="10" Y="145"/>
        <UsageCount Value="14"/>
      </Unit19>
      <Unit20>
        <Filename Value="C:\lazarus\lcl\dialogs.pp"/>
        <UnitName Value="Dialogs"/>
        <WindowIndex Value="0"/>
        <TopLine Value="30"/>
        <CursorPos X="21" Y="38"/>
        <UsageCount Value="90"/>
      </Unit20>
      <Unit21>
        <Filename Value="C:\lazarus\lcl\include\winapih.inc"/>
        <WindowIndex Value="0"/>
        <TopLine Value="214"/>
        <CursorPos X="10" Y="231"/>
        <UsageCount Value="90"/>
      </Unit21>
      <Unit22>
        <Filename Value="C:\lazarus\fpc\2.4.2\source\rtl\win\wininc\func.inc"/>
        <WindowIndex Value="0"/>
        <TopLine Value="262"/>
        <CursorPos X="26" Y="298"/>
        <UsageCount Value="9"/>
      </Unit22>
      <Unit23>
        <Filename Value="C:\lazarus\fpc\2.4.2\source\rtl\inc\objpash.inc"/>
        <WindowIndex Value="0"/>
        <TopLine Value="174"/>
        <CursorPos X="29" Y="194"/>
        <UsageCount Value="1"/>
      </Unit23>
      <Unit24>
        <Filename Value="C:\lazarus\fpc\2.4.2\source\rtl\objpas\sysutils\sysinth.inc"/>
        <WindowIndex Value="0"/>
        <TopLine Value="25"/>
        <CursorPos X="3" Y="33"/>
        <UsageCount Value="1"/>
      </Unit24>
      <Unit25>
        <Filename Value="C:\lazarus\fpc\2.4.2\source\rtl\inc\ustringh.inc"/>
        <WindowIndex Value="0"/>
        <TopLine Value="79"/>
        <CursorPos X="10" Y="101"/>
        <UsageCount Value="0"/>
      </Unit25>
      <Unit26>
        <Filename Value="C:\lazarus\lcl\lcltype.pp"/>
        <UnitName Value="LCLType"/>
        <EditorIndex Value="23"/>
        <WindowIndex Value="0"/>
        <TopLine Value="43"/>
        <CursorPos X="1" Y="61"/>
        <UsageCount Value="100"/>
        <Loaded Value="True"/>
      </Unit26>
      <Unit27>
        <Filename Value="C:\lazarus\lcl\graphics.pp"/>
        <UnitName Value="Graphics"/>
        <WindowIndex Value="0"/>
        <TopLine Value="1163"/>
        <CursorPos X="14" Y="1171"/>
        <UsageCount Value="91"/>
      </Unit27>
      <Unit28>
        <Filename Value="C:\lazarus\lcl\lmessages.pp"/>
        <UnitName Value="LMessages"/>
        <EditorIndex Value="1"/>
        <WindowIndex Value="0"/>
        <TopLine Value="64"/>
        <CursorPos X="1" Y="1"/>
        <UsageCount Value="65"/>
        <Loaded Value="True"/>
      </Unit28>
      <Unit29>
        <Filename Value="C:\lazarus\lcl\fileutil.pas"/>
        <UnitName Value="FileUtil"/>
        <WindowIndex Value="0"/>
        <TopLine Value="10"/>
        <CursorPos X="25" Y="30"/>
        <UsageCount Value="54"/>
      </Unit29>
      <Unit30>
        <Filename Value="C:\lazarus\lcl\lclintf.pas"/>
        <UnitName Value="LCLIntf"/>
        <WindowIndex Value="0"/>
        <TopLine Value="8"/>
        <CursorPos X="1" Y="1"/>
        <UsageCount Value="35"/>
      </Unit30>
      <Unit31>
        <Filename Value="C:\lazarus\lcl\include\sysenvapis_win.inc"/>
        <WindowIndex Value="0"/>
        <TopLine Value="1"/>
        <CursorPos X="28" Y="22"/>
        <UsageCount Value="50"/>
      </Unit31>
      <Unit32>
        <Filename Value="C:\lazarus\lcl\lclclasses.pp"/>
        <UnitName Value="LCLClasses"/>
        <WindowIndex Value="0"/>
        <TopLine Value="21"/>
        <CursorPos X="3" Y="38"/>
        <UsageCount Value="89"/>
      </Unit32>
      <Unit33>
        <Filename Value="C:\lazarus\lcl\widgetset\wslclclasses.pp"/>
        <UnitName Value="WSLCLClasses"/>
        <WindowIndex Value="0"/>
        <TopLine Value="1"/>
        <CursorPos X="1" Y="1"/>
        <UsageCount Value="50"/>
      </Unit33>
      <Unit34>
        <Filename Value="C:\lazarus\lcl\interfaces\wince\interfaces.pp"/>
        <UnitName Value="Interfaces"/>
        <WindowIndex Value="0"/>
        <TopLine Value="1"/>
        <CursorPos X="32" Y="34"/>
        <UsageCount Value="50"/>
      </Unit34>
      <Unit35>
        <Filename Value="C:\lazarus\lcl\include\lclintfh.inc"/>
        <WindowIndex Value="0"/>
        <TopLine Value="100"/>
        <CursorPos X="92" Y="106"/>
        <UsageCount Value="9"/>
      </Unit35>
      <Unit36>
        <Filename Value="C:\lazarus\fpc\2.4.4\source\rtl\wince\wininc\coredll.inc"/>
        <WindowIndex Value="0"/>
        <TopLine Value="1994"/>
        <CursorPos X="10" Y="2020"/>
        <UsageCount Value="91"/>
      </Unit36>
      <Unit37>
        <Filename Value="C:\lazarus\fpc\2.4.4\source\rtl\objpas\classes\classesh.inc"/>
        <WindowIndex Value="0"/>
        <TopLine Value="93"/>
        <CursorPos X="56" Y="103"/>
        <UsageCount Value="89"/>
      </Unit37>
      <Unit38>
        <Filename Value="C:\lazarus\fpc\2.4.4\source\rtl\win\wininc\func.inc"/>
        <WindowIndex Value="0"/>
        <TopLine Value="109"/>
        <CursorPos X="10" Y="126"/>
        <UsageCount Value="89"/>
      </Unit38>
      <Unit39>
        <Filename Value="C:\lazarus\fpc\2.4.4\source\rtl\win\wininc\base.inc"/>
        <WindowIndex Value="0"/>
        <TopLine Value="526"/>
        <CursorPos X="12" Y="504"/>
        <UsageCount Value="91"/>
      </Unit39>
      <Unit40>
        <Filename Value="C:\lazarus\lcl\intfgraphics.pas"/>
        <UnitName Value="IntfGraphics"/>
        <WindowIndex Value="0"/>
        <TopLine Value="5974"/>
        <CursorPos X="43" Y="6014"/>
        <UsageCount Value="21"/>
      </Unit40>
      <Unit41>
        <Filename Value="rq.pas"/>
        <ComponentName Value="RQ"/>
        <HasResources Value="True"/>
        <ResourceBaseClass Value="Form"/>
        <UnitName Value="rq"/>
        <EditorIndex Value="7"/>
        <WindowIndex Value="0"/>
        <TopLine Value="5"/>
        <CursorPos X="45" Y="114"/>
        <UsageCount Value="104"/>
        <Loaded Value="True"/>
      </Unit41>
      <Unit42>
        <Filename Value="C:\lazarus\fpc\2.4.4\source\rtl\win\wininc\messages.inc"/>
        <WindowIndex Value="0"/>
        <TopLine Value="1154"/>
        <CursorPos X="22" Y="1183"/>
        <UsageCount Value="91"/>
      </Unit42>
      <Unit43>
        <Filename Value="C:\lazarus\fpc\2.4.4\source\rtl\objpas\sysutils\sysstrh.inc"/>
        <WindowIndex Value="0"/>
        <TopLine Value="118"/>
        <CursorPos X="10" Y="135"/>
        <UsageCount Value="91"/>
      </Unit43>
      <Unit44>
        <Filename Value="rqoperation.pas"/>
        <IsPartOfProject Value="True"/>
        <ComponentName Value="OperationRQ"/>
        <HasResources Value="True"/>
        <ResourceBaseClass Value="Form"/>
        <UnitName Value="rqoperation"/>
        <EditorIndex Value="8"/>
        <WindowIndex Value="0"/>
        <TopLine Value="1"/>
        <CursorPos X="6" Y="203"/>
        <UsageCount Value="200"/>
        <Loaded Value="True"/>
        <LoadedDesigner Value="True"/>
      </Unit44>
      <Unit45>
        <Filename Value="C:\lazarus\fpc\2.4.4\source\rtl\inc\objpash.inc"/>
        <WindowIndex Value="0"/>
        <TopLine Value="181"/>
        <CursorPos X="38" Y="199"/>
        <UsageCount Value="37"/>
      </Unit45>
      <Unit46>
        <Filename Value="C:\lazarus\fpc\2.4.4\source\rtl\inc\systemh.inc"/>
        <WindowIndex Value="0"/>
        <TopLine Value="323"/>
        <CursorPos X="81" Y="346"/>
        <UsageCount Value="89"/>
      </Unit46>
      <Unit47>
        <Filename Value="operation.lfm"/>
        <WindowIndex Value="0"/>
        <TopLine Value="1"/>
        <CursorPos X="26" Y="18"/>
        <ExtraEditorCount Value="1"/>
        <ExtraEditor1>
          <WindowIndex Value="0"/>
          <TopLine Value="1"/>
          <CursorPos X="37" Y="1"/>
        </ExtraEditor1>
        <UsageCount Value="1"/>
        <DefaultSyntaxHighlighter Value="LFM"/>
      </Unit47>
      <Unit48>
        <Filename Value="wcmemo.pas"/>
        <UnitName Value="wcmemo"/>
        <WindowIndex Value="0"/>
        <TopLine Value="1"/>
        <CursorPos X="39" Y="21"/>
        <UsageCount Value="21"/>
      </Unit48>
      <Unit49>
        <Filename Value="C:\lazarus\converter\convertdelphi.pas"/>
        <UnitName Value="ConvertDelphi"/>
        <WindowIndex Value="0"/>
        <TopLine Value="779"/>
        <CursorPos X="46" Y="790"/>
        <UsageCount Value="13"/>
      </Unit49>
      <Unit50>
        <Filename Value="wmemo.pas"/>
        <UnitName Value="WMemo"/>
        <WindowIndex Value="0"/>
        <TopLine Value="86"/>
        <CursorPos X="43" Y="82"/>
        <UsageCount Value="15"/>
      </Unit50>
      <Unit51>
        <Filename Value="C:\lazarus\packager\registration\lazaruspackageintf.pas"/>
        <UnitName Value="LazarusPackageIntf"/>
        <WindowIndex Value="0"/>
        <TopLine Value="1"/>
        <CursorPos X="53" Y="13"/>
        <UsageCount Value="7"/>
      </Unit51>
      <Unit52>
        <Filename Value="C:\lazarus\lcl\include\wincontrol.inc"/>
        <WindowIndex Value="0"/>
        <TopLine Value="3451"/>
        <CursorPos X="48" Y="2853"/>
        <UsageCount Value="50"/>
      </Unit52>
      <Unit53>
        <Filename Value="C:\lazarus\fpc\2.4.4\source\rtl\win\wininc\defines.inc"/>
        <WindowIndex Value="0"/>
        <TopLine Value="4627"/>
        <CursorPos X="6" Y="4647"/>
        <UsageCount Value="91"/>
      </Unit53>
      <Unit54>
        <Filename Value="C:\lazarus\components\codetools\stdcodetools.pas"/>
        <UnitName Value="StdCodeTools"/>
        <WindowIndex Value="0"/>
        <TopLine Value="3881"/>
        <CursorPos X="61" Y="3913"/>
        <UsageCount Value="94"/>
      </Unit54>
      <Unit55>
        <Filename Value="C:\lazarus\fpc\2.4.4\source\rtl\win\wininc\ascdef.inc"/>
        <WindowIndex Value="0"/>
        <TopLine Value="105"/>
        <CursorPos X="10" Y="122"/>
        <UsageCount Value="33"/>
      </Unit55>
      <Unit56>
        <Filename Value="C:\lazarus\lcl\buttons.pp"/>
        <UnitName Value="Buttons"/>
        <WindowIndex Value="0"/>
        <TopLine Value="28"/>
        <CursorPos X="27" Y="33"/>
        <UsageCount Value="89"/>
      </Unit56>
      <Unit57>
        <Filename Value="C:\lazarus\lcl\lclstrconsts.pas"/>
        <UnitName Value="LCLStrConsts"/>
        <WindowIndex Value="0"/>
        <TopLine Value="26"/>
        <CursorPos X="24" Y="36"/>
        <UsageCount Value="91"/>
      </Unit57>
      <Unit58>
        <Filename Value="C:\lazarus\lcl\widgetset\wsdialogs.pp"/>
        <UnitName Value="WSDialogs"/>
        <WindowIndex Value="0"/>
        <TopLine Value="190"/>
        <CursorPos X="63" Y="190"/>
        <UsageCount Value="89"/>
      </Unit58>
      <Unit59>
        <Filename Value="C:\lazarus\lcl\lclproc.pas"/>
        <UnitName Value="LCLProc"/>
        <WindowIndex Value="0"/>
        <TopLine Value="2528"/>
        <CursorPos X="28" Y="2382"/>
        <UsageCount Value="89"/>
      </Unit59>
      <Unit60>
        <Filename Value="C:\lazarus\fpc\2.4.4\source\rtl\objpas\objpas.pp"/>
        <UnitName Value="objpas"/>
        <WindowIndex Value="0"/>
        <TopLine Value="35"/>
        <CursorPos X="8" Y="28"/>
        <UsageCount Value="22"/>
      </Unit60>
      <Unit61>
        <Filename Value="C:\lazarus\lcl\include\promptdialog.inc"/>
        <WindowIndex Value="0"/>
        <TopLine Value="196"/>
        <CursorPos X="58" Y="159"/>
        <UsageCount Value="93"/>
      </Unit61>
      <Unit62>
        <Filename Value="C:\lazarus\lcl\include\messagedialogs.inc"/>
        <WindowIndex Value="0"/>
        <TopLine Value="1"/>
        <CursorPos X="41" Y="276"/>
        <UsageCount Value="93"/>
      </Unit62>
      <Unit63>
        <Filename Value="messageform.pas"/>
        <IsPartOfProject Value="True"/>
        <UnitName Value="MessageForm"/>
        <EditorIndex Value="20"/>
        <WindowIndex Value="0"/>
        <TopLine Value="31"/>
        <CursorPos X="10" Y="44"/>
        <UsageCount Value="200"/>
        <Loaded Value="True"/>
      </Unit63>
      <Unit64>
        <Filename Value="C:\lazarus\fpc\2.4.4\source\rtl\win\wininc\redef.inc"/>
        <WindowIndex Value="0"/>
        <TopLine Value="377"/>
        <CursorPos X="10" Y="394"/>
        <UsageCount Value="89"/>
      </Unit64>
      <Unit65>
        <Filename Value="C:\lazarus\fpc\2.4.4\source\rtl\win\wininc\struct.inc"/>
        <WindowIndex Value="0"/>
        <TopLine Value="242"/>
        <CursorPos X="32" Y="227"/>
        <UsageCount Value="89"/>
      </Unit65>
      <Unit66>
        <Filename Value="C:\lazarus\fpc\2.4.4\source\rtl\inc\mathh.inc"/>
        <WindowIndex Value="0"/>
        <TopLine Value="61"/>
        <CursorPos X="14" Y="78"/>
        <UsageCount Value="89"/>
      </Unit66>
      <Unit67>
        <Filename Value="C:\lazarus\fpc\2.4.4\source\rtl\objpas\types.pp"/>
        <UnitName Value="types"/>
        <WindowIndex Value="0"/>
        <TopLine Value="66"/>
        <CursorPos X="21" Y="83"/>
        <UsageCount Value="92"/>
      </Unit67>
      <Unit68>
        <Filename Value="C:\lazarus\lcl\widgetset\wscontrols.pp"/>
        <UnitName Value="WSControls"/>
        <WindowIndex Value="0"/>
        <TopLine Value="290"/>
        <CursorPos X="27" Y="416"/>
        <UsageCount Value="78"/>
      </Unit68>
      <Unit69>
        <Filename Value="subdevision.pas"/>
        <IsPartOfProject Value="True"/>
        <ComponentName Value="SubDevision"/>
        <HasResources Value="True"/>
        <ResourceBaseClass Value="Form"/>
        <UnitName Value="SubDevision"/>
        <EditorIndex Value="5"/>
        <WindowIndex Value="0"/>
        <TopLine Value="59"/>
        <CursorPos X="28" Y="67"/>
        <UsageCount Value="205"/>
        <Loaded Value="True"/>
        <LoadedDesigner Value="True"/>
      </Unit69>
      <Unit70>
        <Filename Value="baseaddinformation.pas"/>
        <IsPartOfProject Value="True"/>
        <ComponentName Value="BaseAddInformation"/>
        <HasResources Value="True"/>
        <ResourceBaseClass Value="Form"/>
        <UnitName Value="BaseAddInformation"/>
        <EditorIndex Value="0"/>
        <WindowIndex Value="0"/>
        <TopLine Value="97"/>
        <CursorPos X="34" Y="3"/>
        <UsageCount Value="205"/>
        <Loaded Value="True"/>
        <LoadedDesigner Value="True"/>
      </Unit70>
      <Unit71>
        <Filename Value="C:\lazarus\lcl\include\custommemo.inc"/>
        <WindowIndex Value="0"/>
        <TopLine Value="205"/>
        <CursorPos X="20" Y="231"/>
        <UsageCount Value="62"/>
      </Unit71>
      <Unit72>
        <Filename Value="C:\lazarus\lcl\include\customedit.inc"/>
        <WindowIndex Value="0"/>
        <TopLine Value="166"/>
        <CursorPos X="1" Y="1"/>
        <UsageCount Value="62"/>
      </Unit72>
      <Unit73>
        <Filename Value="manualinput.pas"/>
        <IsPartOfProject Value="True"/>
        <ComponentName Value="ManualInput"/>
        <HasResources Value="True"/>
        <ResourceBaseClass Value="Form"/>
        <UnitName Value="ManualInput"/>
        <WindowIndex Value="0"/>
        <TopLine Value="1"/>
        <CursorPos X="60" Y="43"/>
        <UsageCount Value="200"/>
      </Unit73>
      <Unit74>
        <Filename Value="rqoperation.lfm"/>
        <WindowIndex Value="0"/>
        <TopLine Value="16"/>
        <CursorPos X="27" Y="11"/>
        <UsageCount Value="1"/>
        <DefaultSyntaxHighlighter Value="LFM"/>
      </Unit74>
      <Unit75>
        <Filename Value="C:\lazarus\fpc\2.4.4\source\rtl\objpas\sysutils\filutilh.inc"/>
        <WindowIndex Value="0"/>
        <TopLine Value="71"/>
        <CursorPos X="10" Y="96"/>
        <UsageCount Value="65"/>
      </Unit75>
      <Unit76>
        <Filename Value="C:\lazarus\components\codetools\directorycacher.pas"/>
        <UnitName Value="DirectoryCacher"/>
        <WindowIndex Value="0"/>
        <TopLine Value="10"/>
        <CursorPos X="22" Y="38"/>
        <UsageCount Value="13"/>
      </Unit76>
      <Unit77>
        <Filename Value="C:\lazarus\examples\imgviewer\frmmain.pas"/>
        <UnitName Value="frmmain"/>
        <WindowIndex Value="0"/>
        <TopLine Value="119"/>
        <CursorPos X="57" Y="28"/>
        <UsageCount Value="58"/>
      </Unit77>
      <Unit78>
        <Filename Value="C:\lazarus\fpc\2.4.4\source\rtl\objpas\sysutils\datih.inc"/>
        <WindowIndex Value="0"/>
        <TopLine Value="151"/>
        <CursorPos X="10" Y="168"/>
        <UsageCount Value="57"/>
      </Unit78>
      <Unit79>
        <Filename Value="C:\lazarus\lcl\grids.pas"/>
        <UnitName Value="Grids"/>
        <WindowIndex Value="0"/>
        <TopLine Value="8056"/>
        <CursorPos X="36" Y="8102"/>
        <UsageCount Value="79"/>
      </Unit79>
      <Unit80>
        <Filename Value="C:\lazarus\components\jcf2\Utils\JcfFileUtils.pas"/>
        <UnitName Value="JcfFileUtils"/>
        <EditorIndex Value="12"/>
        <WindowIndex Value="0"/>
        <TopLine Value="68"/>
        <CursorPos X="24" Y="79"/>
        <UsageCount Value="101"/>
        <Loaded Value="True"/>
      </Unit80>
      <Unit81>
        <Filename Value="baseoperation.pas"/>
        <IsPartOfProject Value="True"/>
        <ComponentName Value="BaseOperation"/>
        <HasResources Value="True"/>
        <ResourceBaseClass Value="Form"/>
        <UnitName Value="BaseOperation"/>
        <EditorIndex Value="14"/>
        <WindowIndex Value="0"/>
        <TopLine Value="330"/>
        <CursorPos X="16" Y="446"/>
        <UsageCount Value="200"/>
        <Loaded Value="True"/>
        <LoadedDesigner Value="True"/>
      </Unit81>
      <Unit82>
        <Filename Value="baseoperation.lfm"/>
        <WindowIndex Value="0"/>
        <TopLine Value="1"/>
        <CursorPos X="33" Y="17"/>
        <UsageCount Value="1"/>
        <DefaultSyntaxHighlighter Value="LFM"/>
      </Unit82>
      <Unit83>
        <Filename Value="C:\lazarus\lcl\interfaces\wince\winceextra.pp"/>
        <UnitName Value="WinCEExtra"/>
        <WindowIndex Value="0"/>
        <TopLine Value="211"/>
        <CursorPos X="65" Y="223"/>
        <UsageCount Value="38"/>
      </Unit83>
      <Unit84>
        <Filename Value="C:\lazarus\components\codetools\fileprocs.pas"/>
        <UnitName Value="FileProcs"/>
        <WindowIndex Value="0"/>
        <TopLine Value="1"/>
        <CursorPos X="1" Y="1"/>
        <UsageCount Value="70"/>
      </Unit84>
      <Unit85>
        <Filename Value="C:\lazarus\lcl\include\docktree.inc"/>
        <EditorIndex Value="10"/>
        <WindowIndex Value="0"/>
        <TopLine Value="5"/>
        <CursorPos X="3" Y="22"/>
        <UsageCount Value="100"/>
        <Loaded Value="True"/>
      </Unit85>
      <Unit86>
        <Filename Value="C:\lazarus\fpc\2.4.4\source\rtl\objpas\sysutils\sysinth.inc"/>
        <WindowIndex Value="0"/>
        <TopLine Value="76"/>
        <CursorPos X="35" Y="76"/>
        <UsageCount Value="35"/>
      </Unit86>
      <Unit87>
        <Filename Value="C:\lazarus\lcl\widgetset\wsforms.pp"/>
        <UnitName Value="WSForms"/>
        <WindowIndex Value="0"/>
        <TopLine Value="1"/>
        <CursorPos X="1" Y="1"/>
        <UsageCount Value="38"/>
      </Unit87>
      <Unit88>
        <Filename Value="C:\lazarus\components\RichMemo\richmemofactory.pas"/>
        <UnitName Value="RichMemoFactory"/>
        <WindowIndex Value="0"/>
        <TopLine Value="1"/>
        <CursorPos X="3" Y="13"/>
        <UsageCount Value="7"/>
      </Unit88>
      <Unit89>
        <Filename Value="C:\lazarus\fpc\2.4.4\source\rtl\win\sysutils.pp"/>
        <UnitName Value="sysutils"/>
        <WindowIndex Value="0"/>
        <TopLine Value="430"/>
        <CursorPos X="20" Y="458"/>
        <UsageCount Value="7"/>
      </Unit89>
      <Unit90>
        <Filename Value="C:\lazarus\lcl\interfaces\win32\win32wsdialogs.pp"/>
        <UnitName Value="Win32WSDialogs"/>
        <WindowIndex Value="0"/>
        <TopLine Value="216"/>
        <CursorPos X="18" Y="227"/>
        <UsageCount Value="12"/>
      </Unit90>
      <Unit91>
        <Filename Value="C:\lazarus\fpc\2.6.2\source\packages\winunits-base\src\shlobj.pp"/>
        <UnitName Value="shlobj"/>
        <WindowIndex Value="0"/>
        <TopLine Value="1"/>
        <CursorPos X="12" Y="3"/>
        <UsageCount Value="12"/>
      </Unit91>
      <Unit92>
        <Filename Value="C:\lazarus\lcl\interfaces\wince\wincewsstdctrls.pp"/>
        <UnitName Value="WinCEWSStdCtrls"/>
        <WindowIndex Value="0"/>
        <TopLine Value="193"/>
        <CursorPos X="24" Y="37"/>
        <UsageCount Value="12"/>
      </Unit92>
      <Unit93>
        <Filename Value="projectcommon.pas"/>
        <IsPartOfProject Value="True"/>
        <UnitName Value="ProjectCommon"/>
        <EditorIndex Value="3"/>
        <WindowIndex Value="0"/>
        <TopLine Value="1"/>
        <CursorPos X="6" Y="1"/>
        <UsageCount Value="114"/>
        <Loaded Value="True"/>
      </Unit93>
      <Unit94>
        <Filename Value="C:\lazarus\fpc\2.6.2\source\rtl\win\wininc\messages.inc"/>
        <EditorIndex Value="2"/>
        <WindowIndex Value="0"/>
        <TopLine Value="37"/>
        <CursorPos X="6" Y="1173"/>
        <UsageCount Value="54"/>
        <Loaded Value="True"/>
      </Unit94>
      <Unit95>
        <Filename Value="C:\lazarus\fpc\2.6.2\source\rtl\wince\messages.pp"/>
        <UnitName Value="messages"/>
        <EditorIndex Value="4"/>
        <WindowIndex Value="0"/>
        <TopLine Value="1"/>
        <CursorPos X="1" Y="1"/>
        <UsageCount Value="54"/>
        <Loaded Value="True"/>
      </Unit95>
      <Unit96>
        <Filename Value="initrequest.pas"/>
        <UnitName Value="Initrequest"/>
        <WindowIndex Value="0"/>
        <TopLine Value="1"/>
        <CursorPos X="1" Y="1"/>
        <UsageCount Value="4"/>
      </Unit96>
      <Unit97>
        <Filename Value="request.pas"/>
        <UnitName Value="request"/>
        <WindowIndex Value="0"/>
        <TopLine Value="6"/>
        <CursorPos X="1" Y="1"/>
        <UsageCount Value="4"/>
      </Unit97>
      <Unit98>
        <Filename Value="reguest.pas"/>
        <UnitName Value="reguest"/>
        <WindowIndex Value="0"/>
        <TopLine Value="1"/>
        <CursorPos X="1" Y="1"/>
        <UsageCount Value="4"/>
      </Unit98>
      <Unit99>
        <Filename Value="C:\lazarus\fpc\2.6.2\source\rtl\win\wininc\redef.inc"/>
        <EditorIndex Value="22"/>
        <WindowIndex Value="0"/>
        <TopLine Value="598"/>
        <CursorPos X="28" Y="608"/>
        <UsageCount Value="42"/>
        <Loaded Value="True"/>
      </Unit99>
      <Unit100>
        <Filename Value="C:\lazarus\fpc\2.6.2\source\rtl\objpas\objpas.pp"/>
        <UnitName Value="objpas"/>
        <EditorIndex Value="21"/>
        <WindowIndex Value="0"/>
        <TopLine Value="150"/>
        <CursorPos X="28" Y="159"/>
        <UsageCount Value="41"/>
        <Loaded Value="True"/>
      </Unit100>
      <Unit101>
        <Filename Value="C:\lazarus\fpc\2.6.2\source\rtl\objpas\sysutils\datih.inc"/>
        <EditorIndex Value="18"/>
        <WindowIndex Value="0"/>
        <TopLine Value="118"/>
        <CursorPos X="10" Y="137"/>
        <UsageCount Value="36"/>
        <Loaded Value="True"/>
      </Unit101>
      <Unit102>
        <Filename Value="C:\lazarus\fpc\2.6.2\source\rtl\objpas\sysutils\sysinth.inc"/>
        <EditorIndex Value="19"/>
        <WindowIndex Value="0"/>
        <TopLine Value="18"/>
        <CursorPos X="3" Y="33"/>
        <UsageCount Value="36"/>
        <Loaded Value="True"/>
      </Unit102>
      <Unit103>
        <Filename Value="C:\lazarus\fpc\2.6.2\source\rtl\inc\systemh.inc"/>
        <EditorIndex Value="17"/>
        <WindowIndex Value="0"/>
        <TopLine Value="547"/>
        <CursorPos X="26" Y="525"/>
        <UsageCount Value="32"/>
        <Loaded Value="True"/>
      </Unit103>
      <Unit104>
        <Filename Value="inputcount.pas"/>
        <IsPartOfProject Value="True"/>
        <ComponentName Value="BaseAddInformation1"/>
        <HasResources Value="True"/>
        <ResourceBaseClass Value="Form"/>
        <UnitName Value="InputCount"/>
        <WindowIndex Value="0"/>
        <TopLine Value="29"/>
        <CursorPos X="20" Y="37"/>
        <UsageCount Value="64"/>
      </Unit104>
      <Unit105>
        <Filename Value="C:\lazarus\fpc\2.6.2\source\rtl\objpas\sysutils\sysstrh.inc"/>
        <IsVisibleTab Value="True"/>
        <EditorIndex Value="16"/>
        <WindowIndex Value="0"/>
        <TopLine Value="101"/>
        <CursorPos X="21" Y="114"/>
        <UsageCount Value="29"/>
        <Loaded Value="True"/>
      </Unit105>
      <Unit106>
        <Filename Value="C:\lazarus\fpc\2.6.2\source\rtl\objpas\dateutil.inc"/>
        <EditorIndex Value="15"/>
        <WindowIndex Value="0"/>
        <TopLine Value="280"/>
        <CursorPos X="10" Y="292"/>
        <UsageCount Value="28"/>
        <Loaded Value="True"/>
      </Unit106>
      <Unit107>
        <Filename Value="C:\lazarus\lcl\interfaces\wince\wincecallback.inc"/>
        <WindowIndex Value="0"/>
        <TopLine Value="2276"/>
        <CursorPos X="11" Y="2288"/>
        <UsageCount Value="8"/>
      </Unit107>
      <Unit108>
        <Filename Value="terminal_common.pas"/>
        <IsPartOfProject Value="True"/>
        <UnitName Value="terminal_common"/>
        <EditorIndex Value="11"/>
        <WindowIndex Value="0"/>
        <TopLine Value="1"/>
        <CursorPos X="41" Y="11"/>
        <UsageCount Value="40"/>
        <Loaded Value="True"/>
      </Unit108>
      <Unit109>
        <Filename Value="C:\lazarus\lcl\widgetset\wsspin.pp"/>
        <UnitName Value="WSSpin"/>
        <WindowIndex Value="0"/>
        <TopLine Value="53"/>
        <CursorPos X="41" Y="65"/>
        <UsageCount Value="9"/>
      </Unit109>
    </Units>
    <JumpHistory Count="30" HistoryIndex="29">
      <Position1>
        <Filename Value="operation.pas"/>
        <Caret Line="6" Column="77" TopLine="1"/>
      </Position1>
      <Position2>
        <Filename Value="operation.pas"/>
        <Caret Line="20" Column="25" TopLine="1"/>
      </Position2>
      <Position3>
        <Filename Value="rqoperation.pas"/>
        <Caret Line="5" Column="73" TopLine="1"/>
      </Position3>
      <Position4>
        <Filename Value="rqoperation.pas"/>
        <Caret Line="44" Column="25" TopLine="24"/>
      </Position4>
      <Position5>
        <Filename Value="baseoperation.pas"/>
        <Caret Line="439" Column="3" TopLine="427"/>
      </Position5>
      <Position6>
        <Filename Value="rqoperation.pas"/>
        <Caret Line="3" Column="79" TopLine="1"/>
      </Position6>
      <Position7>
        <Filename Value="rqoperation.pas"/>
        <Caret Line="44" Column="25" TopLine="24"/>
      </Position7>
      <Position8>
        <Filename Value="operation.pas"/>
        <Caret Line="2" Column="29" TopLine="1"/>
      </Position8>
      <Position9>
        <Filename Value="operation.pas"/>
        <Caret Line="100" Column="20" TopLine="80"/>
      </Position9>
      <Position10>
        <Filename Value="baseoperation.pas"/>
        <Caret Line="4" Column="72" TopLine="1"/>
      </Position10>
      <Position11>
        <Filename Value="baseoperation.pas"/>
        <Caret Line="3" Column="63" TopLine="1"/>
      </Position11>
      <Position12>
        <Filename Value="baseoperation.pas"/>
        <Caret Line="56" Column="22" TopLine="36"/>
      </Position12>
      <Position13>
        <Filename Value="baseoperation.pas"/>
        <Caret Line="248" Column="18" TopLine="228"/>
      </Position13>
      <Position14>
        <Filename Value="baseoperation.pas"/>
        <Caret Line="303" Column="10" TopLine="283"/>
      </Position14>
      <Position15>
        <Filename Value="operation.pas"/>
        <Caret Line="10" Column="41" TopLine="1"/>
      </Position15>
      <Position16>
        <Filename Value="operation.pas"/>
        <Caret Line="20" Column="25" TopLine="1"/>
      </Position16>
      <Position17>
        <Filename Value="rqoperation.pas"/>
        <Caret Line="4" Column="90" TopLine="1"/>
      </Position17>
      <Position18>
        <Filename Value="rqoperation.pas"/>
        <Caret Line="46" Column="22" TopLine="26"/>
      </Position18>
      <Position19>
        <Filename Value="rqoperation.pas"/>
        <Caret Line="261" Column="15" TopLine="241"/>
      </Position19>
      <Position20>
        <Filename Value="rqoperation.pas"/>
        <Caret Line="3" Column="83" TopLine="1"/>
      </Position20>
      <Position21>
        <Filename Value="rqoperation.pas"/>
        <Caret Line="46" Column="22" TopLine="26"/>
      </Position21>
      <Position22>
        <Filename Value="rqoperation.pas"/>
        <Caret Line="263" Column="15" TopLine="243"/>
      </Position22>
      <Position23>
        <Filename Value="baseoperation.pas"/>
        <Caret Line="6" Column="83" TopLine="1"/>
      </Position23>
      <Position24>
        <Filename Value="operation.pas"/>
        <Caret Line="7" Column="55" TopLine="1"/>
      </Position24>
      <Position25>
        <Filename Value="rqoperation.pas"/>
        <Caret Line="324" Column="73" TopLine="315"/>
      </Position25>
      <Position26>
        <Filename Value="rqoperation.pas"/>
        <Caret Line="48" Column="25" TopLine="35"/>
      </Position26>
      <Position27>
        <Filename Value="operation.pas"/>
        <Caret Line="7" Column="74" TopLine="2"/>
      </Position27>
      <Position28>
        <Filename Value="operation.pas"/>
        <Caret Line="22" Column="25" TopLine="2"/>
      </Position28>
      <Position29>
        <Filename Value="rqoperation.pas"/>
        <Caret Line="4" Column="95" TopLine="1"/>
      </Position29>
      <Position30>
        <Filename Value="rqoperation.pas"/>
        <Caret Line="48" Column="25" TopLine="28"/>
      </Position30>
    </JumpHistory>
  </ProjectOptions>
  <CompilerOptions>
    <Version Value="11"/>
    <PathDelim Value="\"/>
    <Target>
      <Filename Value="terminal"/>
    </Target>
    <SearchPaths>
      <IncludeFiles Value="$(ProjOutDir);C:\lazarus\components\RichMemo\;C:\lazarus\lcl\interfaces\wince\;C:\lazarus\components\jcf2\Utils\;C:\lazarus\lcl\include\;C:\lazarus\lcl\;C:\lazarus\components\jcf2\Include\;C:\lazarus\lcl\widgetset\;C:\lazarus\components\synedit\;C:\lazarus\components\synedit\units\arm-wince\"/>
      <OtherUnitFiles Value="C:\lazarus\components\jcf2\Utils\;C:\lazarus\components\synedit\;C:\lazarus\components\RichMemo\;C:\lazarus\components\synedit\units\arm-wince\;C:\lazarus\lcl\interfaces\wince\;C:\lazarus\lcl\widgetset\;C:\lazarus\lcl\include\;C:\lazarus\lcl\;C:\lazarus\components\jcf2\Include\"/>
      <UnitOutputDirectory Value="lib\$(TargetCPU)-$(TargetOS)"/>
    </SearchPaths>
    <Conditionals Value="WinceVersion := 'wince6'"/>
    <BuildMacros>
      <Count Value="1"/>
      <Item1>
        <Identifier Value="WinceVersion"/>
        <Values Count="1">
          <Item1 Value="wince6"/>
        </Values>
        <ValueDescriptions Count="1"/>
      </Item1>
    </BuildMacros>
    <CodeGeneration>
      <TargetCPU Value="arm"/>
      <TargetOS Value="wince"/>
    </CodeGeneration>
    <Linking>
      <Options>
        <Win32>
          <GraphicApplication Value="True"/>
        </Win32>
      </Options>
    </Linking>
    <Other>
      <CompilerMessages>
        <UseMsgFile Value="True"/>
      </CompilerMessages>
      <CompilerPath Value="$(CompPath)"/>
    </Other>
    <LCLWidgetType Value="wince"/>
  </CompilerOptions>
  <Debugging>
    <Exceptions Count="3">
      <Item1>
        <Name Value="EAbort"/>
      </Item1>
      <Item2>
        <Name Value="ECodetoolError"/>
      </Item2>
      <Item3>
        <Name Value="EFOpenError"/>
      </Item3>
    </Exceptions>
  </Debugging>
</CONFIG>
