<?xml version="1.0"?>
<CONFIG>
  <ProjectOptions>
    <Version Value="9"/>
    <PathDelim Value="\"/>
    <General>
      <Flags>
        <LRSInOutputDirectory Value="False"/>
      </Flags>
      <MainUnit Value="0"/>
      <ActiveWindowIndexAtStart Value="0"/>
    </General>
    <LazDoc Paths="C:\Lazarus Project\jcl\source;C:\Lazarus Project\jcl\source\common"/>
    <VersionInfo>
      <StringTable ProductVersion=""/>
    </VersionInfo>
    <BuildModes Count="1">
      <Item1 Name="default" Default="True"/>
    </BuildModes>
    <PublishOptions>
      <Version Value="2"/>
      <IgnoreBinaries Value="False"/>
      <IncludeFileFilter Value="*.(pas|pp|inc|lfm|lpr|lrs|lpi|lpk|sh|xml)"/>
      <ExcludeFileFilter Value="*.(bak|ppu|ppw|o|so);*~;backup"/>
    </PublishOptions>
    <RunParams>
      <local>
        <FormatVersion Value="1"/>
        <LaunchingApplication PathPlusParams="/usr/X11R6/bin/xterm -T 'Lazarus Run Output' -e $(LazarusDir)/tools/runwait.sh $(TargetCmdLine)"/>
      </local>
    </RunParams>
    <Units Count="15">
      <Unit0>
        <Filename Value="GUDF.lpr"/>
        <IsPartOfProject Value="True"/>
        <UnitName Value="GUDF"/>
        <EditorIndex Value="0"/>
        <WindowIndex Value="0"/>
        <TopLine Value="1"/>
        <CursorPos X="1" Y="10"/>
        <UsageCount Value="20"/>
        <Loaded Value="True"/>
        <LoadedDesigner Value="True"/>
      </Unit0>
      <Unit1>
        <Filename Value="gudflib.pas"/>
        <IsPartOfProject Value="True"/>
        <UnitName Value="GUDFlib"/>
        <IsVisibleTab Value="True"/>
        <EditorIndex Value="1"/>
        <WindowIndex Value="0"/>
        <TopLine Value="47"/>
        <CursorPos X="30" Y="61"/>
        <UsageCount Value="20"/>
        <Loaded Value="True"/>
      </Unit1>
      <Unit2>
        <Filename Value="JclStrings.pas"/>
        <UnitName Value="JclStrings"/>
        <TopLine Value="2600"/>
        <CursorPos X="58" Y="2626"/>
        <UsageCount Value="10"/>
      </Unit2>
      <Unit3>
        <Filename Value="jcl.inc"/>
        <TopLine Value="126"/>
        <CursorPos X="8" Y="147"/>
        <UsageCount Value="10"/>
      </Unit3>
      <Unit4>
        <Filename Value="JclWideStrings.pas"/>
        <UnitName Value="JclWideStrings"/>
        <TopLine Value="1"/>
        <CursorPos X="1" Y="1"/>
        <UsageCount Value="10"/>
      </Unit4>
      <Unit5>
        <Filename Value="JclBase.pas"/>
        <UnitName Value="JclBase"/>
        <TopLine Value="1"/>
        <CursorPos X="1" Y="1"/>
        <UsageCount Value="10"/>
      </Unit5>
      <Unit6>
        <Filename Value="JclResources.pas"/>
        <UnitName Value="JclResources"/>
        <TopLine Value="1"/>
        <CursorPos X="1" Y="1"/>
        <UsageCount Value="10"/>
      </Unit6>
      <Unit7>
        <Filename Value="JclSysUtils.pas"/>
        <UnitName Value="JclSysUtils"/>
        <TopLine Value="2109"/>
        <CursorPos X="16" Y="2130"/>
        <UsageCount Value="10"/>
      </Unit7>
      <Unit8>
        <Filename Value="JclConsole.pas"/>
        <UnitName Value="JclConsole"/>
        <TopLine Value="1"/>
        <CursorPos X="1" Y="1"/>
        <UsageCount Value="10"/>
      </Unit8>
      <Unit9>
        <Filename Value="JclFileUtils.pas"/>
        <UnitName Value="JclFileUtils"/>
        <TopLine Value="2340"/>
        <CursorPos X="4" Y="2361"/>
        <UsageCount Value="10"/>
      </Unit9>
      <Unit10>
        <Filename Value="JclSysInfo.pas"/>
        <UnitName Value="JclSysInfo"/>
        <TopLine Value="2767"/>
        <CursorPos X="35" Y="2803"/>
        <UsageCount Value="10"/>
      </Unit10>
      <Unit11>
        <Filename Value="FindCompare.pas"/>
        <UnitName Value="FindCompare"/>
        <WindowIndex Value="0"/>
        <TopLine Value="1"/>
        <CursorPos X="1" Y="1"/>
        <UsageCount Value="10"/>
      </Unit11>
      <Unit12>
        <Filename Value="..\..\jcl\source\common\JclStrings.pas"/>
        <UnitName Value="JclStrings"/>
        <WindowIndex Value="0"/>
        <TopLine Value="38"/>
        <CursorPos X="2" Y="53"/>
        <UsageCount Value="10"/>
      </Unit12>
      <Unit13>
        <Filename Value="..\..\jcl\source\jcl.inc"/>
        <WindowIndex Value="0"/>
        <TopLine Value="132"/>
        <CursorPos X="7" Y="147"/>
        <UsageCount Value="10"/>
      </Unit13>
      <Unit14>
        <Filename Value="GsHugeIntSet.pas"/>
        <UnitName Value="GsHugeIntSet"/>
        <WindowIndex Value="0"/>
        <TopLine Value="1"/>
        <CursorPos X="20" Y="6"/>
        <UsageCount Value="10"/>
      </Unit14>
    </Units>
    <JumpHistory Count="19" HistoryIndex="18">
      <Position1>
        <Filename Value="gudflib.pas"/>
        <Caret Line="7" Column="22" TopLine="1"/>
      </Position1>
      <Position2>
        <Filename Value="GUDF.lpr"/>
        <Caret Line="9" Column="24" TopLine="1"/>
      </Position2>
      <Position3>
        <Filename Value="gudflib.pas"/>
        <Caret Line="70" Column="16" TopLine="49"/>
      </Position3>
      <Position4>
        <Filename Value="gudflib.pas"/>
        <Caret Line="1" Column="1" TopLine="1"/>
      </Position4>
      <Position5>
        <Filename Value="gudflib.pas"/>
        <Caret Line="635" Column="20" TopLine="621"/>
      </Position5>
      <Position6>
        <Filename Value="gudflib.pas"/>
        <Caret Line="539" Column="64" TopLine="525"/>
      </Position6>
      <Position7>
        <Filename Value="gudflib.pas"/>
        <Caret Line="635" Column="16" TopLine="621"/>
      </Position7>
      <Position8>
        <Filename Value="gudflib.pas"/>
        <Caret Line="1057" Column="82" TopLine="1043"/>
      </Position8>
      <Position9>
        <Filename Value="gudflib.pas"/>
        <Caret Line="635" Column="53" TopLine="630"/>
      </Position9>
      <Position10>
        <Filename Value="GUDF.lpr"/>
        <Caret Line="9" Column="32" TopLine="1"/>
      </Position10>
      <Position11>
        <Filename Value="gudflib.pas"/>
        <Caret Line="652" Column="54" TopLine="638"/>
      </Position11>
      <Position12>
        <Filename Value="gudflib.pas"/>
        <Caret Line="40" Column="15" TopLine="26"/>
      </Position12>
      <Position13>
        <Filename Value="gudflib.pas"/>
        <Caret Line="1" Column="1" TopLine="1"/>
      </Position13>
      <Position14>
        <Filename Value="gudflib.pas"/>
        <Caret Line="66" Column="3" TopLine="57"/>
      </Position14>
      <Position15>
        <Filename Value="gudflib.pas"/>
        <Caret Line="631" Column="55" TopLine="616"/>
      </Position15>
      <Position16>
        <Filename Value="gudflib.pas"/>
        <Caret Line="648" Column="26" TopLine="624"/>
      </Position16>
      <Position17>
        <Filename Value="gudflib.pas"/>
        <Caret Line="535" Column="44" TopLine="520"/>
      </Position17>
      <Position18>
        <Filename Value="gudflib.pas"/>
        <Caret Line="1161" Column="49" TopLine="1146"/>
      </Position18>
      <Position19>
        <Filename Value="gudflib.pas"/>
        <Caret Line="1093" Column="35" TopLine="1068"/>
      </Position19>
    </JumpHistory>
  </ProjectOptions>
  <CompilerOptions>
    <Version Value="11"/>
    <PathDelim Value="\"/>
    <SearchPaths>
      <IncludeFiles Value="..\..\jcl\source"/>
      <OtherUnitFiles Value="..\..\jcl\source\common;..\..\jcl\source;..\..\common"/>
    </SearchPaths>
    <Parsing>
      <SyntaxOptions>
        <UseAnsiStrings Value="False"/>
      </SyntaxOptions>
    </Parsing>
    <CodeGeneration>
      <TargetOS Value="win64"/>
    </CodeGeneration>
    <Linking>
      <Options>
        <ExecutableType Value="Library"/>
      </Options>
    </Linking>
    <Other>
      <CompilerMessages>
        <UseMsgFile Value="True"/>
      </CompilerMessages>
      <CompilerPath Value="$(CompPath)"/>
    </Other>
  </CompilerOptions>
  <Debugging>
    <Exceptions Count="2">
      <Item1>
        <Name Value="ECodetoolError"/>
      </Item1>
      <Item2>
        <Name Value="EFOpenError"/>
      </Item2>
    </Exceptions>
  </Debugging>
</CONFIG>
