<?xml version="1.0"?>
<CONFIG>
  <ProjectOptions>
    <Version Value="9"/>
    <PathDelim Value="\"/>
    <General>
      <MainUnit Value="0"/>
      <ResourceType Value="res"/>
      <UseXPManifest Value="True"/>
      <ActiveWindowIndexAtStart Value="0"/>
    </General>
    <i18n>
      <EnableI18N LFM="False"/>
    </i18n>
    <VersionInfo>
      <StringTable ProductVersion=""/>
    </VersionInfo>
    <MacroValues Count="1">
      <Macro1 Name="LCLWidgetType" Value="wince"/>
    </MacroValues>
    <BuildModes Count="1" Active="Default">
      <Item1 Name="Default" Default="True"/>
    </BuildModes>
    <PublishOptions>
      <Version Value="2"/>
      <IncludeFileFilter Value="*.(pas|pp|inc|lfm|lpr|lrs|lpi|lpk|sh|xml)"/>
      <ExcludeFileFilter Value="*.(bak|ppu|o|so);*~;backup"/>
    </PublishOptions>
    <RunParams>
      <local>
        <FormatVersion Value="1"/>
      </local>
    </RunParams>
    <RequiredPackages Count="2">
      <Item1>
        <PackageName Value="wcmemo"/>
        <MinVersion Valid="True"/>
      </Item1>
      <Item2>
        <PackageName Value="LCL"/>
      </Item2>
    </RequiredPackages>
    <Units Count="95">
      <Unit0>
        <Filename Value="terminal.lpr"/>
        <IsPartOfProject Value="True"/>
        <UnitName Value="terminal"/>
        <EditorIndex Value="25"/>
        <WindowIndex Value="0"/>
        <TopLine Value="1"/>
        <CursorPos X="72" Y="237"/>
        <UsageCount Value="203"/>
        <Loaded Value="True"/>
      </Unit0>
      <Unit1>
        <Filename Value="mainform.pas"/>
        <IsPartOfProject Value="True"/>
        <ComponentName Value="MainForm"/>
        <HasResources Value="True"/>
        <ResourceBaseClass Value="Form"/>
        <UnitName Value="mainform"/>
        <EditorIndex Value="5"/>
        <WindowIndex Value="0"/>
        <TopLine Value="193"/>
        <CursorPos X="35" Y="15"/>
        <UsageCount Value="203"/>
        <Loaded Value="True"/>
        <LoadedDesigner Value="True"/>
      </Unit1>
      <Unit2>
        <Filename Value="loginform.pas"/>
        <IsPartOfProject Value="True"/>
        <ComponentName Value="LoginForm"/>
        <HasResources Value="True"/>
        <ResourceBaseClass Value="Form"/>
        <UnitName Value="LoginForm"/>
        <EditorIndex Value="27"/>
        <WindowIndex Value="0"/>
        <TopLine Value="86"/>
        <CursorPos X="80" Y="59"/>
        <UsageCount Value="203"/>
        <Loaded Value="True"/>
      </Unit2>
      <Unit3>
        <Filename Value="C:\lazarus\lcl\include\control.inc"/>
        <WindowIndex Value="0"/>
        <TopLine Value="3355"/>
        <CursorPos X="49" Y="3360"/>
        <UsageCount Value="16"/>
      </Unit3>
      <Unit4>
        <Filename Value="C:\lazarus\lcl\controls.pp"/>
        <UnitName Value="Controls"/>
        <EditorIndex Value="13"/>
        <WindowIndex Value="0"/>
        <TopLine Value="2305"/>
        <CursorPos X="72" Y="2114"/>
        <UsageCount Value="100"/>
        <Loaded Value="True"/>
      </Unit4>
      <Unit5>
        <Filename Value="C:\Documents and Settings\Evgeny\Мои документы\WinCE\test_form\test_form.pas"/>
        <UnitName Value="test_form"/>
        <WindowIndex Value="0"/>
        <TopLine Value="115"/>
        <CursorPos X="5" Y="152"/>
        <UsageCount Value="16"/>
      </Unit5>
      <Unit6>
        <Filename Value="C:\lazarus\fpc\2.4.2\source\rtl\win\wininc\messages.inc"/>
        <WindowIndex Value="0"/>
        <TopLine Value="1035"/>
        <CursorPos X="59" Y="1036"/>
        <UsageCount Value="16"/>
      </Unit6>
      <Unit7>
        <Filename Value="C:\lazarus\components\jcf2\Utils\JcfStringUtils.pas"/>
        <UnitName Value="JcfStringUtils"/>
        <WindowIndex Value="0"/>
        <TopLine Value="159"/>
        <CursorPos X="3" Y="169"/>
        <UsageCount Value="79"/>
      </Unit7>
      <Unit8>
        <Filename Value="C:\lazarus\fpc\2.4.2\source\rtl\objpas\sysutils\sysutilh.inc"/>
        <WindowIndex Value="0"/>
        <TopLine Value="151"/>
        <CursorPos X="31" Y="176"/>
        <UsageCount Value="14"/>
      </Unit8>
      <Unit9>
        <Filename Value="C:\lazarus\fpc\2.4.2\source\rtl\inc\systemh.inc"/>
        <WindowIndex Value="0"/>
        <TopLine Value="335"/>
        <CursorPos X="3" Y="355"/>
        <UsageCount Value="14"/>
      </Unit9>
      <Unit10>
        <Filename Value="C:\lazarus\lcl\forms.pp"/>
        <UnitName Value="Forms"/>
        <EditorIndex Value="28"/>
        <WindowIndex Value="0"/>
        <TopLine Value="1185"/>
        <CursorPos X="74" Y="1204"/>
        <UsageCount Value="100"/>
        <Loaded Value="True"/>
      </Unit10>
      <Unit11>
        <Filename Value="C:\lazarus\fpc\2.4.2\source\rtl\win\wininc\defines.inc"/>
        <WindowIndex Value="0"/>
        <TopLine Value="3584"/>
        <CursorPos X="6" Y="3622"/>
        <UsageCount Value="14"/>
      </Unit11>
      <Unit12>
        <Filename Value="C:\lazarus\fpc\2.4.2\source\rtl\objpas\objpas.pp"/>
        <UnitName Value="objpas"/>
        <WindowIndex Value="0"/>
        <TopLine Value="1"/>
        <CursorPos X="22" Y="14"/>
        <UsageCount Value="10"/>
      </Unit12>
      <Unit13>
        <Filename Value="C:\lazarus\fpc\2.4.2\source\rtl\objpas\sysutils\finah.inc"/>
        <WindowIndex Value="0"/>
        <TopLine Value="1"/>
        <CursorPos X="10" Y="24"/>
        <UsageCount Value="10"/>
      </Unit13>
      <Unit14>
        <Filename Value="C:\lazarus\lcl\stdctrls.pp"/>
        <UnitName Value="StdCtrls"/>
        <WindowIndex Value="0"/>
        <TopLine Value="666"/>
        <CursorPos X="15" Y="734"/>
        <UsageCount Value="65"/>
      </Unit14>
      <Unit15>
        <Filename Value="C:\lazarus\fpc\2.4.2\source\rtl\wince\wininc\messages.inc"/>
        <WindowIndex Value="0"/>
        <TopLine Value="1"/>
        <CursorPos X="56" Y="34"/>
        <UsageCount Value="9"/>
      </Unit15>
      <Unit16>
        <Filename Value="operation.pas"/>
        <IsPartOfProject Value="True"/>
        <ComponentName Value="OperationTP"/>
        <HasResources Value="True"/>
        <ResourceBaseClass Value="Form"/>
        <UnitName Value="Operation"/>
        <EditorIndex Value="9"/>
        <WindowIndex Value="0"/>
        <TopLine Value="1"/>
        <CursorPos X="60" Y="141"/>
        <UsageCount Value="202"/>
        <Loaded Value="True"/>
        <LoadedDesigner Value="True"/>
      </Unit16>
      <Unit17>
        <Filename Value="C:\lazarus\fpc\2.4.2\source\rtl\objpas\classes\classesh.inc"/>
        <WindowIndex Value="0"/>
        <TopLine Value="1758"/>
        <CursorPos X="20" Y="1791"/>
        <UsageCount Value="7"/>
      </Unit17>
      <Unit18>
        <Filename Value="C:\lazarus\fpc\2.4.2\source\rtl\objpas\sysutils\sysstrh.inc"/>
        <WindowIndex Value="0"/>
        <TopLine Value="13"/>
        <CursorPos X="28" Y="33"/>
        <UsageCount Value="4"/>
      </Unit18>
      <Unit19>
        <Filename Value="C:\lazarus\fpc\2.4.2\source\rtl\objpas\sysutils\datih.inc"/>
        <WindowIndex Value="0"/>
        <TopLine Value="140"/>
        <CursorPos X="10" Y="145"/>
        <UsageCount Value="10"/>
      </Unit19>
      <Unit20>
        <Filename Value="C:\lazarus\lcl\dialogs.pp"/>
        <UnitName Value="Dialogs"/>
        <WindowIndex Value="0"/>
        <TopLine Value="30"/>
        <CursorPos X="21" Y="38"/>
        <UsageCount Value="76"/>
      </Unit20>
      <Unit21>
        <Filename Value="C:\lazarus\lcl\include\winapih.inc"/>
        <WindowIndex Value="0"/>
        <TopLine Value="214"/>
        <CursorPos X="10" Y="231"/>
        <UsageCount Value="76"/>
      </Unit21>
      <Unit22>
        <Filename Value="C:\lazarus\fpc\2.4.2\source\rtl\inc\ustringh.inc"/>
        <WindowIndex Value="0"/>
        <TopLine Value="79"/>
        <CursorPos X="10" Y="101"/>
        <UsageCount Value="6"/>
      </Unit22>
      <Unit23>
        <Filename Value="C:\lazarus\lcl\lcltype.pp"/>
        <UnitName Value="LCLType"/>
        <EditorIndex Value="24"/>
        <WindowIndex Value="0"/>
        <TopLine Value="3067"/>
        <CursorPos X="62" Y="59"/>
        <UsageCount Value="100"/>
        <Loaded Value="True"/>
      </Unit23>
      <Unit24>
        <Filename Value="C:\lazarus\lcl\graphics.pp"/>
        <UnitName Value="Graphics"/>
        <WindowIndex Value="0"/>
        <TopLine Value="1163"/>
        <CursorPos X="14" Y="1171"/>
        <UsageCount Value="77"/>
      </Unit24>
      <Unit25>
        <Filename Value="C:\lazarus\lcl\lmessages.pp"/>
        <UnitName Value="LMessages"/>
        <EditorIndex Value="0"/>
        <WindowIndex Value="0"/>
        <TopLine Value="782"/>
        <CursorPos X="21" Y="788"/>
        <UsageCount Value="118"/>
        <Loaded Value="True"/>
      </Unit25>
      <Unit26>
        <Filename Value="C:\lazarus\lcl\fileutil.pas"/>
        <UnitName Value="FileUtil"/>
        <WindowIndex Value="0"/>
        <TopLine Value="10"/>
        <CursorPos X="25" Y="30"/>
        <UsageCount Value="40"/>
      </Unit26>
      <Unit27>
        <Filename Value="C:\lazarus\lcl\lclintf.pas"/>
        <UnitName Value="LCLIntf"/>
        <WindowIndex Value="0"/>
        <TopLine Value="8"/>
        <CursorPos X="1" Y="1"/>
        <UsageCount Value="21"/>
      </Unit27>
      <Unit28>
        <Filename Value="C:\lazarus\lcl\include\sysenvapis_win.inc"/>
        <WindowIndex Value="0"/>
        <TopLine Value="1"/>
        <CursorPos X="28" Y="22"/>
        <UsageCount Value="36"/>
      </Unit28>
      <Unit29>
        <Filename Value="C:\lazarus\lcl\lclclasses.pp"/>
        <UnitName Value="LCLClasses"/>
        <WindowIndex Value="0"/>
        <TopLine Value="21"/>
        <CursorPos X="3" Y="38"/>
        <UsageCount Value="75"/>
      </Unit29>
      <Unit30>
        <Filename Value="C:\lazarus\lcl\widgetset\wslclclasses.pp"/>
        <UnitName Value="WSLCLClasses"/>
        <WindowIndex Value="0"/>
        <TopLine Value="1"/>
        <CursorPos X="1" Y="1"/>
        <UsageCount Value="36"/>
      </Unit30>
      <Unit31>
        <Filename Value="C:\lazarus\lcl\interfaces\wince\interfaces.pp"/>
        <UnitName Value="Interfaces"/>
        <WindowIndex Value="0"/>
        <TopLine Value="1"/>
        <CursorPos X="32" Y="34"/>
        <UsageCount Value="36"/>
      </Unit31>
      <Unit32>
        <Filename Value="C:\lazarus\fpc\2.4.4\source\rtl\wince\wininc\coredll.inc"/>
        <WindowIndex Value="0"/>
        <TopLine Value="1994"/>
        <CursorPos X="10" Y="2020"/>
        <UsageCount Value="77"/>
      </Unit32>
      <Unit33>
        <Filename Value="C:\lazarus\fpc\2.4.4\source\rtl\objpas\classes\classesh.inc"/>
        <WindowIndex Value="0"/>
        <TopLine Value="93"/>
        <CursorPos X="56" Y="103"/>
        <UsageCount Value="75"/>
      </Unit33>
      <Unit34>
        <Filename Value="C:\lazarus\fpc\2.4.4\source\rtl\win\wininc\func.inc"/>
        <WindowIndex Value="0"/>
        <TopLine Value="109"/>
        <CursorPos X="10" Y="126"/>
        <UsageCount Value="75"/>
      </Unit34>
      <Unit35>
        <Filename Value="C:\lazarus\fpc\2.4.4\source\rtl\win\wininc\base.inc"/>
        <WindowIndex Value="0"/>
        <TopLine Value="526"/>
        <CursorPos X="12" Y="504"/>
        <UsageCount Value="77"/>
      </Unit35>
      <Unit36>
        <Filename Value="C:\lazarus\lcl\intfgraphics.pas"/>
        <UnitName Value="IntfGraphics"/>
        <WindowIndex Value="0"/>
        <TopLine Value="5974"/>
        <CursorPos X="43" Y="6014"/>
        <UsageCount Value="7"/>
      </Unit36>
      <Unit37>
        <Filename Value="rq.pas"/>
        <ComponentName Value="RQ"/>
        <HasResources Value="True"/>
        <ResourceBaseClass Value="Form"/>
        <UnitName Value="rq"/>
        <EditorIndex Value="6"/>
        <WindowIndex Value="0"/>
        <TopLine Value="114"/>
        <CursorPos X="65" Y="127"/>
        <UsageCount Value="104"/>
        <Loaded Value="True"/>
        <LoadedDesigner Value="True"/>
      </Unit37>
      <Unit38>
        <Filename Value="C:\lazarus\fpc\2.4.4\source\rtl\win\wininc\messages.inc"/>
        <WindowIndex Value="0"/>
        <TopLine Value="1154"/>
        <CursorPos X="22" Y="1183"/>
        <UsageCount Value="77"/>
      </Unit38>
      <Unit39>
        <Filename Value="C:\lazarus\fpc\2.4.4\source\rtl\objpas\sysutils\sysstrh.inc"/>
        <WindowIndex Value="0"/>
        <TopLine Value="118"/>
        <CursorPos X="10" Y="135"/>
        <UsageCount Value="77"/>
      </Unit39>
      <Unit40>
        <Filename Value="rqoperation.pas"/>
        <IsPartOfProject Value="True"/>
        <ComponentName Value="OperationRQ"/>
        <HasResources Value="True"/>
        <ResourceBaseClass Value="Form"/>
        <UnitName Value="rqoperation"/>
        <IsVisibleTab Value="True"/>
        <EditorIndex Value="7"/>
        <WindowIndex Value="0"/>
        <TopLine Value="374"/>
        <CursorPos X="11" Y="393"/>
        <UsageCount Value="200"/>
        <Loaded Value="True"/>
        <LoadedDesigner Value="True"/>
      </Unit40>
      <Unit41>
        <Filename Value="C:\lazarus\fpc\2.4.4\source\rtl\inc\objpash.inc"/>
        <WindowIndex Value="0"/>
        <TopLine Value="181"/>
        <CursorPos X="38" Y="199"/>
        <UsageCount Value="23"/>
      </Unit41>
      <Unit42>
        <Filename Value="C:\lazarus\fpc\2.4.4\source\rtl\inc\systemh.inc"/>
        <WindowIndex Value="0"/>
        <TopLine Value="323"/>
        <CursorPos X="81" Y="346"/>
        <UsageCount Value="75"/>
      </Unit42>
      <Unit43>
        <Filename Value="wcmemo.pas"/>
        <UnitName Value="wcmemo"/>
        <WindowIndex Value="0"/>
        <TopLine Value="1"/>
        <CursorPos X="39" Y="21"/>
        <UsageCount Value="7"/>
      </Unit43>
      <Unit44>
        <Filename Value="wmemo.pas"/>
        <UnitName Value="WMemo"/>
        <WindowIndex Value="0"/>
        <TopLine Value="86"/>
        <CursorPos X="43" Y="82"/>
        <UsageCount Value="1"/>
      </Unit44>
      <Unit45>
        <Filename Value="C:\lazarus\lcl\include\wincontrol.inc"/>
        <WindowIndex Value="0"/>
        <TopLine Value="3451"/>
        <CursorPos X="48" Y="2853"/>
        <UsageCount Value="36"/>
      </Unit45>
      <Unit46>
        <Filename Value="C:\lazarus\fpc\2.4.4\source\rtl\win\wininc\defines.inc"/>
        <WindowIndex Value="0"/>
        <TopLine Value="4627"/>
        <CursorPos X="6" Y="4647"/>
        <UsageCount Value="77"/>
      </Unit46>
      <Unit47>
        <Filename Value="C:\lazarus\components\codetools\stdcodetools.pas"/>
        <UnitName Value="StdCodeTools"/>
        <WindowIndex Value="0"/>
        <TopLine Value="3881"/>
        <CursorPos X="61" Y="3913"/>
        <UsageCount Value="80"/>
      </Unit47>
      <Unit48>
        <Filename Value="C:\lazarus\fpc\2.4.4\source\rtl\win\wininc\ascdef.inc"/>
        <WindowIndex Value="0"/>
        <TopLine Value="105"/>
        <CursorPos X="10" Y="122"/>
        <UsageCount Value="19"/>
      </Unit48>
      <Unit49>
        <Filename Value="C:\lazarus\lcl\buttons.pp"/>
        <UnitName Value="Buttons"/>
        <WindowIndex Value="0"/>
        <TopLine Value="28"/>
        <CursorPos X="27" Y="33"/>
        <UsageCount Value="75"/>
      </Unit49>
      <Unit50>
        <Filename Value="C:\lazarus\lcl\lclstrconsts.pas"/>
        <UnitName Value="LCLStrConsts"/>
        <WindowIndex Value="0"/>
        <TopLine Value="26"/>
        <CursorPos X="24" Y="36"/>
        <UsageCount Value="77"/>
      </Unit50>
      <Unit51>
        <Filename Value="C:\lazarus\lcl\widgetset\wsdialogs.pp"/>
        <UnitName Value="WSDialogs"/>
        <WindowIndex Value="0"/>
        <TopLine Value="190"/>
        <CursorPos X="63" Y="190"/>
        <UsageCount Value="75"/>
      </Unit51>
      <Unit52>
        <Filename Value="C:\lazarus\lcl\lclproc.pas"/>
        <UnitName Value="LCLProc"/>
        <WindowIndex Value="0"/>
        <TopLine Value="2528"/>
        <CursorPos X="28" Y="2382"/>
        <UsageCount Value="75"/>
      </Unit52>
      <Unit53>
        <Filename Value="C:\lazarus\fpc\2.4.4\source\rtl\objpas\objpas.pp"/>
        <UnitName Value="objpas"/>
        <WindowIndex Value="0"/>
        <TopLine Value="35"/>
        <CursorPos X="8" Y="28"/>
        <UsageCount Value="8"/>
      </Unit53>
      <Unit54>
        <Filename Value="C:\lazarus\lcl\include\promptdialog.inc"/>
        <WindowIndex Value="0"/>
        <TopLine Value="196"/>
        <CursorPos X="58" Y="159"/>
        <UsageCount Value="79"/>
      </Unit54>
      <Unit55>
        <Filename Value="C:\lazarus\lcl\include\messagedialogs.inc"/>
        <WindowIndex Value="0"/>
        <TopLine Value="1"/>
        <CursorPos X="41" Y="276"/>
        <UsageCount Value="79"/>
      </Unit55>
      <Unit56>
        <Filename Value="messageform.pas"/>
        <IsPartOfProject Value="True"/>
        <UnitName Value="MessageForm"/>
        <EditorIndex Value="20"/>
        <WindowIndex Value="0"/>
        <TopLine Value="237"/>
        <CursorPos X="46" Y="17"/>
        <UsageCount Value="200"/>
        <Loaded Value="True"/>
      </Unit56>
      <Unit57>
        <Filename Value="C:\lazarus\fpc\2.4.4\source\rtl\win\wininc\redef.inc"/>
        <WindowIndex Value="0"/>
        <TopLine Value="377"/>
        <CursorPos X="10" Y="394"/>
        <UsageCount Value="75"/>
      </Unit57>
      <Unit58>
        <Filename Value="C:\lazarus\fpc\2.4.4\source\rtl\win\wininc\struct.inc"/>
        <WindowIndex Value="0"/>
        <TopLine Value="242"/>
        <CursorPos X="32" Y="227"/>
        <UsageCount Value="75"/>
      </Unit58>
      <Unit59>
        <Filename Value="C:\lazarus\fpc\2.4.4\source\rtl\inc\mathh.inc"/>
        <WindowIndex Value="0"/>
        <TopLine Value="61"/>
        <CursorPos X="14" Y="78"/>
        <UsageCount Value="75"/>
      </Unit59>
      <Unit60>
        <Filename Value="C:\lazarus\fpc\2.4.4\source\rtl\objpas\types.pp"/>
        <UnitName Value="types"/>
        <WindowIndex Value="0"/>
        <TopLine Value="66"/>
        <CursorPos X="21" Y="83"/>
        <UsageCount Value="78"/>
      </Unit60>
      <Unit61>
        <Filename Value="C:\lazarus\lcl\widgetset\wscontrols.pp"/>
        <UnitName Value="WSControls"/>
        <WindowIndex Value="0"/>
        <TopLine Value="290"/>
        <CursorPos X="27" Y="416"/>
        <UsageCount Value="64"/>
      </Unit61>
      <Unit62>
        <Filename Value="subdevision.pas"/>
        <IsPartOfProject Value="True"/>
        <ComponentName Value="SubDevision"/>
        <HasResources Value="True"/>
        <ResourceBaseClass Value="Form"/>
        <UnitName Value="SubDevision"/>
        <EditorIndex Value="4"/>
        <WindowIndex Value="0"/>
        <TopLine Value="67"/>
        <CursorPos X="41" Y="10"/>
        <UsageCount Value="205"/>
        <Loaded Value="True"/>
        <LoadedDesigner Value="True"/>
      </Unit62>
      <Unit63>
        <Filename Value="baseaddinformation.pas"/>
        <IsPartOfProject Value="True"/>
        <ComponentName Value="BaseAddInformation"/>
        <HasResources Value="True"/>
        <ResourceBaseClass Value="Form"/>
        <UnitName Value="BaseAddInformation"/>
        <EditorIndex Value="23"/>
        <WindowIndex Value="0"/>
        <TopLine Value="210"/>
        <CursorPos X="62" Y="7"/>
        <UsageCount Value="205"/>
        <Loaded Value="True"/>
        <LoadedDesigner Value="True"/>
      </Unit63>
      <Unit64>
        <Filename Value="C:\lazarus\lcl\include\custommemo.inc"/>
        <WindowIndex Value="0"/>
        <TopLine Value="205"/>
        <CursorPos X="20" Y="231"/>
        <UsageCount Value="48"/>
      </Unit64>
      <Unit65>
        <Filename Value="C:\lazarus\lcl\include\customedit.inc"/>
        <WindowIndex Value="0"/>
        <TopLine Value="166"/>
        <CursorPos X="1" Y="1"/>
        <UsageCount Value="48"/>
      </Unit65>
      <Unit66>
        <Filename Value="manualinput.pas"/>
        <IsPartOfProject Value="True"/>
        <ComponentName Value="ManualInput"/>
        <HasResources Value="True"/>
        <ResourceBaseClass Value="Form"/>
        <UnitName Value="ManualInput"/>
        <WindowIndex Value="0"/>
        <TopLine Value="1"/>
        <CursorPos X="60" Y="43"/>
        <UsageCount Value="200"/>
      </Unit66>
      <Unit67>
        <Filename Value="C:\lazarus\fpc\2.4.4\source\rtl\objpas\sysutils\filutilh.inc"/>
        <WindowIndex Value="0"/>
        <TopLine Value="71"/>
        <CursorPos X="10" Y="96"/>
        <UsageCount Value="51"/>
      </Unit67>
      <Unit68>
        <Filename Value="C:\lazarus\examples\imgviewer\frmmain.pas"/>
        <UnitName Value="frmmain"/>
        <WindowIndex Value="0"/>
        <TopLine Value="119"/>
        <CursorPos X="57" Y="28"/>
        <UsageCount Value="44"/>
      </Unit68>
      <Unit69>
        <Filename Value="C:\lazarus\fpc\2.4.4\source\rtl\objpas\sysutils\datih.inc"/>
        <WindowIndex Value="0"/>
        <TopLine Value="151"/>
        <CursorPos X="10" Y="168"/>
        <UsageCount Value="43"/>
      </Unit69>
      <Unit70>
        <Filename Value="C:\lazarus\lcl\grids.pas"/>
        <UnitName Value="Grids"/>
        <WindowIndex Value="0"/>
        <TopLine Value="8056"/>
        <CursorPos X="36" Y="8102"/>
        <UsageCount Value="65"/>
      </Unit70>
      <Unit71>
        <Filename Value="C:\lazarus\components\jcf2\Utils\JcfFileUtils.pas"/>
        <UnitName Value="JcfFileUtils"/>
        <EditorIndex Value="12"/>
        <WindowIndex Value="0"/>
        <TopLine Value="1"/>
        <CursorPos X="24" Y="79"/>
        <UsageCount Value="101"/>
        <Loaded Value="True"/>
      </Unit71>
      <Unit72>
        <Filename Value="baseoperation.pas"/>
        <IsPartOfProject Value="True"/>
        <ComponentName Value="BaseOperation"/>
        <HasResources Value="True"/>
        <ResourceBaseClass Value="Form"/>
        <UnitName Value="BaseOperation"/>
        <EditorIndex Value="14"/>
        <WindowIndex Value="0"/>
        <TopLine Value="172"/>
        <CursorPos X="76" Y="48"/>
        <UsageCount Value="200"/>
        <Loaded Value="True"/>
        <LoadedDesigner Value="True"/>
      </Unit72>
      <Unit73>
        <Filename Value="C:\lazarus\lcl\interfaces\wince\winceextra.pp"/>
        <UnitName Value="WinCEExtra"/>
        <WindowIndex Value="0"/>
        <TopLine Value="211"/>
        <CursorPos X="65" Y="223"/>
        <UsageCount Value="24"/>
      </Unit73>
      <Unit74>
        <Filename Value="C:\lazarus\components\codetools\fileprocs.pas"/>
        <UnitName Value="FileProcs"/>
        <WindowIndex Value="0"/>
        <TopLine Value="1"/>
        <CursorPos X="1" Y="1"/>
        <UsageCount Value="56"/>
      </Unit74>
      <Unit75>
        <Filename Value="C:\lazarus\lcl\include\docktree.inc"/>
        <EditorIndex Value="10"/>
        <WindowIndex Value="0"/>
        <TopLine Value="5"/>
        <CursorPos X="3" Y="22"/>
        <UsageCount Value="100"/>
        <Loaded Value="True"/>
      </Unit75>
      <Unit76>
        <Filename Value="C:\lazarus\fpc\2.4.4\source\rtl\objpas\sysutils\sysinth.inc"/>
        <WindowIndex Value="0"/>
        <TopLine Value="76"/>
        <CursorPos X="35" Y="76"/>
        <UsageCount Value="21"/>
      </Unit76>
      <Unit77>
        <Filename Value="C:\lazarus\lcl\widgetset\wsforms.pp"/>
        <UnitName Value="WSForms"/>
        <WindowIndex Value="0"/>
        <TopLine Value="1"/>
        <CursorPos X="1" Y="1"/>
        <UsageCount Value="24"/>
      </Unit77>
      <Unit78>
        <Filename Value="projectcommon.pas"/>
        <IsPartOfProject Value="True"/>
        <UnitName Value="ProjectCommon"/>
        <EditorIndex Value="2"/>
        <WindowIndex Value="0"/>
        <TopLine Value="1"/>
        <CursorPos X="50" Y="12"/>
        <UsageCount Value="224"/>
        <Loaded Value="True"/>
      </Unit78>
      <Unit79>
        <Filename Value="C:\lazarus\fpc\2.6.2\source\rtl\win\wininc\messages.inc"/>
        <EditorIndex Value="1"/>
        <WindowIndex Value="0"/>
        <TopLine Value="223"/>
        <CursorPos X="41" Y="49"/>
        <UsageCount Value="107"/>
        <Loaded Value="True"/>
      </Unit79>
      <Unit80>
        <Filename Value="C:\lazarus\fpc\2.6.2\source\rtl\wince\messages.pp"/>
        <UnitName Value="messages"/>
        <EditorIndex Value="3"/>
        <WindowIndex Value="0"/>
        <TopLine Value="1"/>
        <CursorPos X="1" Y="1"/>
        <UsageCount Value="107"/>
        <Loaded Value="True"/>
      </Unit80>
      <Unit81>
        <Filename Value="C:\lazarus\fpc\2.6.2\source\rtl\win\wininc\redef.inc"/>
        <EditorIndex Value="22"/>
        <WindowIndex Value="0"/>
        <TopLine Value="598"/>
        <CursorPos X="28" Y="608"/>
        <UsageCount Value="100"/>
        <Loaded Value="True"/>
      </Unit81>
      <Unit82>
        <Filename Value="C:\lazarus\fpc\2.6.2\source\rtl\objpas\objpas.pp"/>
        <UnitName Value="objpas"/>
        <EditorIndex Value="21"/>
        <WindowIndex Value="0"/>
        <TopLine Value="150"/>
        <CursorPos X="28" Y="159"/>
        <UsageCount Value="100"/>
        <Loaded Value="True"/>
      </Unit82>
      <Unit83>
        <Filename Value="C:\lazarus\fpc\2.6.2\source\rtl\objpas\sysutils\datih.inc"/>
        <EditorIndex Value="18"/>
        <WindowIndex Value="0"/>
        <TopLine Value="25"/>
        <CursorPos X="50" Y="16"/>
        <UsageCount Value="100"/>
        <Loaded Value="True"/>
      </Unit83>
      <Unit84>
        <Filename Value="C:\lazarus\fpc\2.6.2\source\rtl\objpas\sysutils\sysinth.inc"/>
        <EditorIndex Value="19"/>
        <WindowIndex Value="0"/>
        <TopLine Value="158"/>
        <CursorPos X="53" Y="32"/>
        <UsageCount Value="100"/>
        <Loaded Value="True"/>
      </Unit84>
      <Unit85>
        <Filename Value="C:\lazarus\fpc\2.6.2\source\rtl\inc\systemh.inc"/>
        <EditorIndex Value="17"/>
        <WindowIndex Value="0"/>
        <TopLine Value="1184"/>
        <CursorPos X="26" Y="525"/>
        <UsageCount Value="100"/>
        <Loaded Value="True"/>
      </Unit85>
      <Unit86>
        <Filename Value="inputcount.pas"/>
        <IsPartOfProject Value="True"/>
        <ComponentName Value="BaseAddInformation1"/>
        <HasResources Value="True"/>
        <ResourceBaseClass Value="Form"/>
        <UnitName Value="InputCount"/>
        <WindowIndex Value="0"/>
        <TopLine Value="29"/>
        <CursorPos X="20" Y="37"/>
        <UsageCount Value="200"/>
      </Unit86>
      <Unit87>
        <Filename Value="C:\lazarus\fpc\2.6.2\source\rtl\objpas\sysutils\sysstrh.inc"/>
        <EditorIndex Value="16"/>
        <WindowIndex Value="0"/>
        <TopLine Value="101"/>
        <CursorPos X="84" Y="110"/>
        <UsageCount Value="100"/>
        <Loaded Value="True"/>
      </Unit87>
      <Unit88>
        <Filename Value="C:\lazarus\fpc\2.6.2\source\rtl\objpas\dateutil.inc"/>
        <EditorIndex Value="15"/>
        <WindowIndex Value="0"/>
        <TopLine Value="280"/>
        <CursorPos X="10" Y="292"/>
        <UsageCount Value="100"/>
        <Loaded Value="True"/>
      </Unit88>
      <Unit89>
        <Filename Value="terminal_common.pas"/>
        <IsPartOfProject Value="True"/>
        <UnitName Value="terminal_common"/>
        <EditorIndex Value="11"/>
        <WindowIndex Value="0"/>
        <TopLine Value="1"/>
        <CursorPos X="47" Y="16"/>
        <UsageCount Value="200"/>
        <Loaded Value="True"/>
      </Unit89>
      <Unit90>
        <Filename Value="C:\ff\unit1.pas"/>
        <ComponentName Value="Form1"/>
        <HasResources Value="True"/>
        <ResourceBaseClass Value="Form"/>
        <UnitName Value="Unit1"/>
        <EditorIndex Value="8"/>
        <WindowIndex Value="0"/>
        <TopLine Value="1"/>
        <CursorPos X="40" Y="18"/>
        <UsageCount Value="100"/>
        <Loaded Value="True"/>
        <LoadedDesigner Value="True"/>
      </Unit90>
      <Unit91>
        <Filename Value="calendar.pas"/>
        <ComponentName Value="DCalendar"/>
        <HasResources Value="True"/>
        <ResourceBaseClass Value="Form"/>
        <UnitName Value="DCalendar"/>
        <WindowIndex Value="0"/>
        <TopLine Value="1"/>
        <CursorPos X="37" Y="2"/>
        <UsageCount Value="27"/>
      </Unit91>
      <Unit92>
        <Filename Value="dcalendar.pas"/>
        <IsPartOfProject Value="True"/>
        <ComponentName Value="DCalendar"/>
        <HasResources Value="True"/>
        <ResourceBaseClass Value="Form"/>
        <UnitName Value="DCalendar"/>
        <EditorIndex Value="26"/>
        <WindowIndex Value="0"/>
        <TopLine Value="1"/>
        <CursorPos X="69" Y="81"/>
        <UsageCount Value="68"/>
        <Loaded Value="True"/>
        <LoadedDesigner Value="True"/>
      </Unit92>
      <Unit93>
        <Filename Value="dcalendar.lfm"/>
        <WindowIndex Value="0"/>
        <TopLine Value="1"/>
        <CursorPos X="16" Y="14"/>
        <UsageCount Value="10"/>
        <DefaultSyntaxHighlighter Value="LFM"/>
      </Unit93>
      <Unit94>
        <Filename Value="C:\lazarus\lcl\editbtn.pas"/>
        <UnitName Value="EditBtn"/>
        <WindowIndex Value="0"/>
        <TopLine Value="1459"/>
        <CursorPos X="36" Y="1478"/>
        <UsageCount Value="9"/>
      </Unit94>
    </Units>
    <JumpHistory Count="30" HistoryIndex="29">
      <Position1>
        <Filename Value="rqoperation.pas"/>
        <Caret Line="224" Column="10" TopLine="211"/>
      </Position1>
      <Position2>
        <Filename Value="rqoperation.pas"/>
        <Caret Line="175" Column="58" TopLine="156"/>
      </Position2>
      <Position3>
        <Filename Value="rqoperation.pas"/>
        <Caret Line="173" Column="14" TopLine="156"/>
      </Position3>
      <Position4>
        <Filename Value="rqoperation.pas"/>
        <Caret Line="175" Column="15" TopLine="156"/>
      </Position4>
      <Position5>
        <Filename Value="rqoperation.pas"/>
        <Caret Line="228" Column="24" TopLine="210"/>
      </Position5>
      <Position6>
        <Filename Value="rqoperation.pas"/>
        <Caret Line="225" Column="31" TopLine="210"/>
      </Position6>
      <Position7>
        <Filename Value="rqoperation.pas"/>
        <Caret Line="227" Column="27" TopLine="210"/>
      </Position7>
      <Position8>
        <Filename Value="rqoperation.pas"/>
        <Caret Line="377" Column="63" TopLine="363"/>
      </Position8>
      <Position9>
        <Filename Value="operation.pas"/>
        <Caret Line="152" Column="20" TopLine="130"/>
      </Position9>
      <Position10>
        <Filename Value="rqoperation.pas"/>
        <Caret Line="381" Column="66" TopLine="363"/>
      </Position10>
      <Position11>
        <Filename Value="operation.pas"/>
        <Caret Line="155" Column="3" TopLine="130"/>
      </Position11>
      <Position12>
        <Filename Value="operation.pas"/>
        <Caret Line="157" Column="23" TopLine="138"/>
      </Position12>
      <Position13>
        <Filename Value="operation.pas"/>
        <Caret Line="164" Column="64" TopLine="137"/>
      </Position13>
      <Position14>
        <Filename Value="operation.pas"/>
        <Caret Line="156" Column="27" TopLine="137"/>
      </Position14>
      <Position15>
        <Filename Value="operation.pas"/>
        <Caret Line="154" Column="9" TopLine="137"/>
      </Position15>
      <Position16>
        <Filename Value="baseoperation.pas"/>
        <Caret Line="504" Column="27" TopLine="491"/>
      </Position16>
      <Position17>
        <Filename Value="baseoperation.pas"/>
        <Caret Line="46" Column="5" TopLine="33"/>
      </Position17>
      <Position18>
        <Filename Value="baseoperation.pas"/>
        <Caret Line="130" Column="3" TopLine="117"/>
      </Position18>
      <Position19>
        <Filename Value="baseoperation.pas"/>
        <Caret Line="534" Column="10" TopLine="515"/>
      </Position19>
      <Position20>
        <Filename Value="baseoperation.pas"/>
        <Caret Line="530" Column="32" TopLine="515"/>
      </Position20>
      <Position21>
        <Filename Value="rqoperation.pas"/>
        <Caret Line="229" Column="54" TopLine="210"/>
      </Position21>
      <Position22>
        <Filename Value="operation.pas"/>
        <Caret Line="152" Column="9" TopLine="137"/>
      </Position22>
      <Position23>
        <Filename Value="baseoperation.pas"/>
        <Caret Line="532" Column="31" TopLine="515"/>
      </Position23>
      <Position24>
        <Filename Value="baseoperation.pas"/>
        <Caret Line="528" Column="11" TopLine="515"/>
      </Position24>
      <Position25>
        <Filename Value="rqoperation.pas"/>
        <Caret Line="340" Column="75" TopLine="323"/>
      </Position25>
      <Position26>
        <Filename Value="rqoperation.pas"/>
        <Caret Line="135" Column="64" TopLine="107"/>
      </Position26>
      <Position27>
        <Filename Value="rq.pas"/>
        <Caret Line="15" Column="54" TopLine="142"/>
      </Position27>
      <Position28>
        <Filename Value="rq.pas"/>
        <Caret Line="107" Column="64" TopLine="97"/>
      </Position28>
      <Position29>
        <Filename Value="rqoperation.pas"/>
        <Caret Line="340" Column="66" TopLine="327"/>
      </Position29>
      <Position30>
        <Filename Value="rqoperation.pas"/>
        <Caret Line="330" Column="55" TopLine="316"/>
      </Position30>
    </JumpHistory>
  </ProjectOptions>
  <CompilerOptions>
    <Version Value="11"/>
    <PathDelim Value="\"/>
    <Target>
      <Filename Value="terminal"/>
    </Target>
    <SearchPaths>
      <IncludeFiles Value="$(ProjOutDir);C:\lazarus\components\RichMemo\;C:\lazarus\lcl\interfaces\wince\;C:\lazarus\components\jcf2\Utils\;C:\lazarus\lcl\include\;C:\lazarus\lcl\;C:\lazarus\components\jcf2\Include\;C:\lazarus\lcl\widgetset\;C:\lazarus\components\synedit\;C:\lazarus\components\synedit\units\arm-wince\"/>
      <OtherUnitFiles Value="C:\lazarus\components\jcf2\Utils\;C:\lazarus\components\synedit\;C:\lazarus\components\RichMemo\;C:\lazarus\components\synedit\units\arm-wince\;C:\lazarus\lcl\interfaces\wince\;C:\lazarus\lcl\widgetset\;C:\lazarus\lcl\include\;C:\lazarus\lcl\;C:\lazarus\components\jcf2\Include\"/>
      <UnitOutputDirectory Value="lib\$(TargetCPU)-$(TargetOS)"/>
    </SearchPaths>
    <Conditionals Value="WinceVersion := 'wince6'"/>
    <BuildMacros>
      <Count Value="1"/>
      <Item1>
        <Identifier Value="WinceVersion"/>
        <Values Count="1">
          <Item1 Value="wince6"/>
        </Values>
        <ValueDescriptions Count="1"/>
      </Item1>
    </BuildMacros>
    <CodeGeneration>
      <TargetCPU Value="arm"/>
      <TargetOS Value="wince"/>
    </CodeGeneration>
    <Linking>
      <Options>
        <Win32>
          <GraphicApplication Value="True"/>
        </Win32>
      </Options>
    </Linking>
    <Other>
      <CompilerMessages>
        <UseMsgFile Value="True"/>
      </CompilerMessages>
      <CompilerPath Value="$(CompPath)"/>
    </Other>
    <LCLWidgetType Value="wince"/>
  </CompilerOptions>
  <Debugging>
    <Exceptions Count="3">
      <Item1>
        <Name Value="EAbort"/>
      </Item1>
      <Item2>
        <Name Value="ECodetoolError"/>
      </Item2>
      <Item3>
        <Name Value="EFOpenError"/>
      </Item3>
    </Exceptions>
  </Debugging>
</CONFIG>
